
Microsoft Visual Studio Solution File, Format Version 12.00
VisualStudioVersion = 17.0.31903.59
MinimumVisualStudioVersion = 10.0.40219.1
Project("{2150E333-8FDC-42A3-9474-1A3956D46DE8}") = "src", "src", "{10000000-0000-0000-0000-000000000001}"
EndProject
Project("{2150E333-8FDC-42A3-9474-1A3956D46DE8}") = "test", "test", "{10000000-0000-0000-0000-000000000002}"
EndProject
Project("{2150E333-8FDC-42A3-9474-1A3956D46DE8}") = "bench", "bench", "{10000000-0000-0000-0000-000000000003}"
EndProject
Project("{9A19103F-16F7-4668-BE54-9A1E7A4F7556}") = "IAFahim.Collections.NoDeps", "src\IAFahim.Collections.NoDeps\IAFahim.Collections.NoDeps.csproj", "{20000000-0000-0000-0000-000000000001}"
EndProject
Project("{9A19103F-16F7-4668-BE54-9A1E7A4F7556}") = "IAFahim.DS.UnsafeArray", "src\IAFahim.DS.UnsafeArray\IAFahim.DS.UnsafeArray.csproj", "{20000000-0000-0000-0000-000000000002}"
EndProject
Project("{9A19103F-16F7-4668-BE54-9A1E7A4F7556}") = "IAFahim.Sort.Insertion", "src\IAFahim.Sort.Insertion\IAFahim.Sort.Insertion.csproj", "{20000000-0000-0000-0000-000000000003}"
EndProject
Project("{9A19103F-16F7-4668-BE54-9A1E7A4F7556}") = "IAFahim.DS.UnsafeArray.Tests", "test\IAFahim.DS.UnsafeArray.Tests\IAFahim.DS.UnsafeArray.Tests.csproj", "{30000000-0000-0000-0000-000000000001}"
EndProject
Project("{9A19103F-16F7-4668-BE54-9A1E7A4F7556}") = "IAFahim.Sort.Insertion.Tests", "test\IAFahim.Sort.Insertion.Tests\IAFahim.Sort.Insertion.Tests.csproj", "{30000000-0000-0000-0000-000000000002}"
EndProject
Project("{9A19103F-16F7-4668-BE54-9A1E7A4F7556}") = "IAFahim.Sort.Insertion.Bench", "bench\IAFahim.Sort.Insertion.Bench\IAFahim.Sort.Insertion.Bench.csproj", "{40000000-0000-0000-0000-000000000001}"
EndProject
Project("{FAE04EC0-301F-11D3-BF4B-00C04F79EFBC}") = "IAFahim.Collections.NoDeps.Tests", "test\IAFahim.Collections.NoDeps.Tests\IAFahim.Collections.NoDeps.Tests.csproj", "{99E79692-3006-496D-BDE2-0F1DC3265589}"
EndProject
Project("{FAE04EC0-301F-11D3-BF4B-00C04F79EFBC}") = "IAFahim.Collections.NoDeps.Bench", "bench\IAFahim.Collections.NoDeps.Bench\IAFahim.Collections.NoDeps.Bench.csproj", "{F427707A-5532-4236-A1B7-5AB9E5976CDF}"
EndProject
Project("{2150E333-8FDC-42A3-9474-1A3956D46DE8}") = "IAFahim.Search.Bit", "IAFahim.Search.Bit", "{3B5D7F74-9465-FC77-406E-5255AD506D93}"
EndProject
Project("{2150E333-8FDC-42A3-9474-1A3956D46DE8}") = "src", "src", "{FCB4B10B-1254-E0F7-17DC-CA79A4511009}"
EndProject
Project("{FAE04EC0-301F-11D3-BF4B-00C04F79EFBC}") = "IAFahim.Search.Bit", "src\IAFahim.Search.Bit\src\IAFahim.Search.Bit\IAFahim.Search.Bit.csproj", "{D81ACF1F-99CF-4FD2-91AA-5FB3231ACCAA}"
EndProject
Project("{2150E333-8FDC-42A3-9474-1A3956D46DE8}") = "IAFahim.Search.DifferenceArray", "IAFahim.Search.DifferenceArray", "{4E719957-FC31-3E17-C813-D25CECB0AE0D}"
EndProject
Project("{2150E333-8FDC-42A3-9474-1A3956D46DE8}") = "src", "src", "{E726284F-FE4A-FFCD-258C-D9646133190C}"
EndProject
Project("{FAE04EC0-301F-11D3-BF4B-00C04F79EFBC}") = "IAFahim.Search.DifferenceArray", "src\IAFahim.Search.DifferenceArray\src\IAFahim.Search.DifferenceArray\IAFahim.Search.DifferenceArray.csproj", "{F080AD69-6D71-44C6-A086-AE4C7CDAEB8F}"
EndProject
Project("{2150E333-8FDC-42A3-9474-1A3956D46DE8}") = "IAFahim.Search.Interval", "IAFahim.Search.Interval", "{66573A04-73F3-6E7D-9DF3-F40E984FC7D9}"
EndProject
Project("{2150E333-8FDC-42A3-9474-1A3956D46DE8}") = "src", "src", "{C97CE783-F5E4-4944-F7DB-20086746A01D}"
EndProject
Project("{FAE04EC0-301F-11D3-BF4B-00C04F79EFBC}") = "IAFahim.Search.Interval", "src\IAFahim.Search.Interval\src\IAFahim.Search.Interval\IAFahim.Search.Interval.csproj", "{A5C4A270-9476-4607-896A-C656A32246E5}"
EndProject
Project("{2150E333-8FDC-42A3-9474-1A3956D46DE8}") = "IAFahim.Search.Prefix", "IAFahim.Search.Prefix", "{6EB5BE22-6C01-B8D6-1399-6C40FE7D3201}"
EndProject
Project("{2150E333-8FDC-42A3-9474-1A3956D46DE8}") = "src", "src", "{447B3DF9-986B-8C0E-CE47-856C1A4403C0}"
EndProject
Project("{FAE04EC0-301F-11D3-BF4B-00C04F79EFBC}") = "IAFahim.Search.Prefix", "src\IAFahim.Search.Prefix\src\IAFahim.Search.Prefix\IAFahim.Search.Prefix.csproj", "{F36FDAEA-E541-43D7-B6BB-91471ED35A05}"
EndProject
Project("{2150E333-8FDC-42A3-9474-1A3956D46DE8}") = "IAFahim.Search.Selection", "IAFahim.Search.Selection", "{73C1EA73-07C5-9F35-B2B5-789B665DEE8B}"
EndProject
Project("{2150E333-8FDC-42A3-9474-1A3956D46DE8}") = "src", "src", "{CBB42108-F132-9622-B092-9511999B5846}"
EndProject
Project("{FAE04EC0-301F-11D3-BF4B-00C04F79EFBC}") = "IAFahim.Search.Selection", "src\IAFahim.Search.Selection\src\IAFahim.Search.Selection\IAFahim.Search.Selection.csproj", "{EBCE26C0-67FC-472D-B3EC-78C8765F4819}"
EndProject
Project("{2150E333-8FDC-42A3-9474-1A3956D46DE8}") = "IAFahim.Search.Suffix", "IAFahim.Search.Suffix", "{0E773037-2458-D040-B96E-37C399E5E206}"
EndProject
Project("{2150E333-8FDC-42A3-9474-1A3956D46DE8}") = "src", "src", "{354ED5C4-9669-7FE9-D833-8AE9F78F1595}"
EndProject
Project("{FAE04EC0-301F-11D3-BF4B-00C04F79EFBC}") = "IAFahim.Search.Suffix", "src\IAFahim.Search.Suffix\src\IAFahim.Search.Suffix\IAFahim.Search.Suffix.csproj", "{5FDEE535-91E1-46FE-B324-42613228BFEA}"
EndProject
Project("{2150E333-8FDC-42A3-9474-1A3956D46DE8}") = "IAFahim.Sort.Merge", "IAFahim.Sort.Merge", "{B8309CCB-ADE7-8FAD-7313-7A7F760EDBEA}"
EndProject
Project("{2150E333-8FDC-42A3-9474-1A3956D46DE8}") = "src", "src", "{40C405E8-1206-7B28-9E96-93642EF1C9B8}"
EndProject
Project("{FAE04EC0-301F-11D3-BF4B-00C04F79EFBC}") = "IAFahim.Sort.Merge", "src\IAFahim.Sort.Merge\src\IAFahim.Sort.Merge\IAFahim.Sort.Merge.csproj", "{AAF1DABF-8F98-45D2-BD9D-F207263910D1}"
EndProject
Global
	GlobalSection(SolutionConfigurationPlatforms) = preSolution
		Debug|Any CPU = Debug|Any CPU
		Debug|x64 = Debug|x64
		Debug|x86 = Debug|x86
		Release|Any CPU = Release|Any CPU
		Release|x64 = Release|x64
		Release|x86 = Release|x86
	EndGlobalSection
	GlobalSection(ProjectConfigurationPlatforms) = postSolution
		{20000000-0000-0000-0000-000000000001}.Debug|Any CPU.ActiveCfg = Debug|Any CPU
		{20000000-0000-0000-0000-000000000001}.Debug|Any CPU.Build.0 = Debug|Any CPU
		{20000000-0000-0000-0000-000000000001}.Debug|x64.ActiveCfg = Debug|Any CPU
		{20000000-0000-0000-0000-000000000001}.Debug|x64.Build.0 = Debug|Any CPU
		{20000000-0000-0000-0000-000000000001}.Debug|x86.ActiveCfg = Debug|Any CPU
		{20000000-0000-0000-0000-000000000001}.Debug|x86.Build.0 = Debug|Any CPU
		{20000000-0000-0000-0000-000000000001}.Release|Any CPU.ActiveCfg = Release|Any CPU
		{20000000-0000-0000-0000-000000000001}.Release|Any CPU.Build.0 = Release|Any CPU
		{20000000-0000-0000-0000-000000000001}.Release|x64.ActiveCfg = Release|Any CPU
		{20000000-0000-0000-0000-000000000001}.Release|x64.Build.0 = Release|Any CPU
		{20000000-0000-0000-0000-000000000001}.Release|x86.ActiveCfg = Release|Any CPU
		{20000000-0000-0000-0000-000000000001}.Release|x86.Build.0 = Release|Any CPU
		{20000000-0000-0000-0000-000000000002}.Debug|Any CPU.ActiveCfg = Debug|Any CPU
		{20000000-0000-0000-0000-000000000002}.Debug|Any CPU.Build.0 = Debug|Any CPU
		{20000000-0000-0000-0000-000000000002}.Debug|x64.ActiveCfg = Debug|Any CPU
		{20000000-0000-0000-0000-000000000002}.Debug|x64.Build.0 = Debug|Any CPU
		{20000000-0000-0000-0000-000000000002}.Debug|x86.ActiveCfg = Debug|Any CPU
		{20000000-0000-0000-0000-000000000002}.Debug|x86.Build.0 = Debug|Any CPU
		{20000000-0000-0000-0000-000000000002}.Release|Any CPU.ActiveCfg = Release|Any CPU
		{20000000-0000-0000-0000-000000000002}.Release|Any CPU.Build.0 = Release|Any CPU
		{20000000-0000-0000-0000-000000000002}.Release|x64.ActiveCfg = Release|Any CPU
		{20000000-0000-0000-0000-000000000002}.Release|x64.Build.0 = Release|Any CPU
		{20000000-0000-0000-0000-000000000002}.Release|x86.ActiveCfg = Release|Any CPU
		{20000000-0000-0000-0000-000000000002}.Release|x86.Build.0 = Release|Any CPU
		{20000000-0000-0000-0000-000000000003}.Debug|Any CPU.ActiveCfg = Debug|Any CPU
		{20000000-0000-0000-0000-000000000003}.Debug|Any CPU.Build.0 = Debug|Any CPU
		{20000000-0000-0000-0000-000000000003}.Debug|x64.ActiveCfg = Debug|Any CPU
		{20000000-0000-0000-0000-000000000003}.Debug|x64.Build.0 = Debug|Any CPU
		{20000000-0000-0000-0000-000000000003}.Debug|x86.ActiveCfg = Debug|Any CPU
		{20000000-0000-0000-0000-000000000003}.Debug|x86.Build.0 = Debug|Any CPU
		{20000000-0000-0000-0000-000000000003}.Release|Any CPU.ActiveCfg = Release|Any CPU
		{20000000-0000-0000-0000-000000000003}.Release|Any CPU.Build.0 = Release|Any CPU
		{20000000-0000-0000-0000-000000000003}.Release|x64.ActiveCfg = Release|Any CPU
		{20000000-0000-0000-0000-000000000003}.Release|x64.Build.0 = Release|Any CPU
		{20000000-0000-0000-0000-000000000003}.Release|x86.ActiveCfg = Release|Any CPU
		{20000000-0000-0000-0000-000000000003}.Release|x86.Build.0 = Release|Any CPU
		{30000000-0000-0000-0000-000000000001}.Debug|Any CPU.ActiveCfg = Debug|Any CPU
		{30000000-0000-0000-0000-000000000001}.Debug|Any CPU.Build.0 = Debug|Any CPU
		{30000000-0000-0000-0000-000000000001}.Debug|x64.ActiveCfg = Debug|Any CPU
		{30000000-0000-0000-0000-000000000001}.Debug|x64.Build.0 = Debug|Any CPU
		{30000000-0000-0000-0000-000000000001}.Debug|x86.ActiveCfg = Debug|Any CPU
		{30000000-0000-0000-0000-000000000001}.Debug|x86.Build.0 = Debug|Any CPU
		{30000000-0000-0000-0000-000000000001}.Release|Any CPU.ActiveCfg = Release|Any CPU
		{30000000-0000-0000-0000-000000000001}.Release|Any CPU.Build.0 = Release|Any CPU
		{30000000-0000-0000-0000-000000000001}.Release|x64.ActiveCfg = Release|Any CPU
		{30000000-0000-0000-0000-000000000001}.Release|x64.Build.0 = Release|Any CPU
		{30000000-0000-0000-0000-000000000001}.Release|x86.ActiveCfg = Release|Any CPU
		{30000000-0000-0000-0000-000000000001}.Release|x86.Build.0 = Release|Any CPU
		{30000000-0000-0000-0000-000000000002}.Debug|Any CPU.ActiveCfg = Debug|Any CPU
		{30000000-0000-0000-0000-000000000002}.Debug|Any CPU.Build.0 = Debug|Any CPU
		{30000000-0000-0000-0000-000000000002}.Debug|x64.ActiveCfg = Debug|Any CPU
		{30000000-0000-0000-0000-000000000002}.Debug|x64.Build.0 = Debug|Any CPU
		{30000000-0000-0000-0000-000000000002}.Debug|x86.ActiveCfg = Debug|Any CPU
		{30000000-0000-0000-0000-000000000002}.Debug|x86.Build.0 = Debug|Any CPU
		{30000000-0000-0000-0000-000000000002}.Release|Any CPU.ActiveCfg = Release|Any CPU
		{30000000-0000-0000-0000-000000000002}.Release|Any CPU.Build.0 = Release|Any CPU
		{30000000-0000-0000-0000-000000000002}.Release|x64.ActiveCfg = Release|Any CPU
		{30000000-0000-0000-0000-000000000002}.Release|x64.Build.0 = Release|Any CPU
		{30000000-0000-0000-0000-000000000002}.Release|x86.ActiveCfg = Release|Any CPU
		{30000000-0000-0000-0000-000000000002}.Release|x86.Build.0 = Release|Any CPU
		{40000000-0000-0000-0000-000000000001}.Debug|Any CPU.ActiveCfg = Release|Any CPU
		{40000000-0000-0000-0000-000000000001}.Debug|Any CPU.Build.0 = Release|Any CPU
		{40000000-0000-0000-0000-000000000001}.Debug|x64.ActiveCfg = Debug|Any CPU
		{40000000-0000-0000-0000-000000000001}.Debug|x64.Build.0 = Debug|Any CPU
		{40000000-0000-0000-0000-000000000001}.Debug|x86.ActiveCfg = Debug|Any CPU
		{40000000-0000-0000-0000-000000000001}.Debug|x86.Build.0 = Debug|Any CPU
		{40000000-0000-0000-0000-000000000001}.Release|Any CPU.ActiveCfg = Release|Any CPU
		{40000000-0000-0000-0000-000000000001}.Release|Any CPU.Build.0 = Release|Any CPU
		{40000000-0000-0000-0000-000000000001}.Release|x64.ActiveCfg = Release|Any CPU
		{40000000-0000-0000-0000-000000000001}.Release|x64.Build.0 = Release|Any CPU
		{40000000-0000-0000-0000-000000000001}.Release|x86.ActiveCfg = Release|Any CPU
		{40000000-0000-0000-0000-000000000001}.Release|x86.Build.0 = Release|Any CPU
		{99E79692-3006-496D-BDE2-0F1DC3265589}.Debug|Any CPU.ActiveCfg = Debug|Any CPU
		{99E79692-3006-496D-BDE2-0F1DC3265589}.Debug|Any CPU.Build.0 = Debug|Any CPU
		{99E79692-3006-496D-BDE2-0F1DC3265589}.Debug|x64.ActiveCfg = Debug|Any CPU
		{99E79692-3006-496D-BDE2-0F1DC3265589}.Debug|x64.Build.0 = Debug|Any CPU
		{99E79692-3006-496D-BDE2-0F1DC3265589}.Debug|x86.ActiveCfg = Debug|Any CPU
		{99E79692-3006-496D-BDE2-0F1DC3265589}.Debug|x86.Build.0 = Debug|Any CPU
		{99E79692-3006-496D-BDE2-0F1DC3265589}.Release|Any CPU.ActiveCfg = Release|Any CPU
		{99E79692-3006-496D-BDE2-0F1DC3265589}.Release|Any CPU.Build.0 = Release|Any CPU
		{99E79692-3006-496D-BDE2-0F1DC3265589}.Release|x64.ActiveCfg = Release|Any CPU
		{99E79692-3006-496D-BDE2-0F1DC3265589}.Release|x64.Build.0 = Release|Any CPU
		{99E79692-3006-496D-BDE2-0F1DC3265589}.Release|x86.ActiveCfg = Release|Any CPU
		{99E79692-3006-496D-BDE2-0F1DC3265589}.Release|x86.Build.0 = Release|Any CPU
		{F427707A-5532-4236-A1B7-5AB9E5976CDF}.Debug|Any CPU.ActiveCfg = Debug|Any CPU
		{F427707A-5532-4236-A1B7-5AB9E5976CDF}.Debug|Any CPU.Build.0 = Debug|Any CPU
		{F427707A-5532-4236-A1B7-5AB9E5976CDF}.Debug|x64.ActiveCfg = Debug|Any CPU
		{F427707A-5532-4236-A1B7-5AB9E5976CDF}.Debug|x64.Build.0 = Debug|Any CPU
		{F427707A-5532-4236-A1B7-5AB9E5976CDF}.Debug|x86.ActiveCfg = Debug|Any CPU
		{F427707A-5532-4236-A1B7-5AB9E5976CDF}.Debug|x86.Build.0 = Debug|Any CPU
		{F427707A-5532-4236-A1B7-5AB9E5976CDF}.Release|Any CPU.ActiveCfg = Release|Any CPU
		{F427707A-5532-4236-A1B7-5AB9E5976CDF}.Release|Any CPU.Build.0 = Release|Any CPU
		{F427707A-5532-4236-A1B7-5AB9E5976CDF}.Release|x64.ActiveCfg = Release|Any CPU
		{F427707A-5532-4236-A1B7-5AB9E5976CDF}.Release|x64.Build.0 = Release|Any CPU
		{F427707A-5532-4236-A1B7-5AB9E5976CDF}.Release|x86.ActiveCfg = Release|Any CPU
		{F427707A-5532-4236-A1B7-5AB9E5976CDF}.Release|x86.Build.0 = Release|Any CPU
		{D81ACF1F-99CF-4FD2-91AA-5FB3231ACCAA}.Debug|Any CPU.ActiveCfg = Debug|Any CPU
		{D81ACF1F-99CF-4FD2-91AA-5FB3231ACCAA}.Debug|Any CPU.Build.0 = Debug|Any CPU
		{D81ACF1F-99CF-4FD2-91AA-5FB3231ACCAA}.Debug|x64.ActiveCfg = Debug|Any CPU
		{D81ACF1F-99CF-4FD2-91AA-5FB3231ACCAA}.Debug|x64.Build.0 = Debug|Any CPU
		{D81ACF1F-99CF-4FD2-91AA-5FB3231ACCAA}.Debug|x86.ActiveCfg = Debug|Any CPU
		{D81ACF1F-99CF-4FD2-91AA-5FB3231ACCAA}.Debug|x86.Build.0 = Debug|Any CPU
		{D81ACF1F-99CF-4FD2-91AA-5FB3231ACCAA}.Release|Any CPU.ActiveCfg = Release|Any CPU
		{D81ACF1F-99CF-4FD2-91AA-5FB3231ACCAA}.Release|Any CPU.Build.0 = Release|Any CPU
		{D81ACF1F-99CF-4FD2-91AA-5FB3231ACCAA}.Release|x64.ActiveCfg = Release|Any CPU
		{D81ACF1F-99CF-4FD2-91AA-5FB3231ACCAA}.Release|x64.Build.0 = Release|Any CPU
		{D81ACF1F-99CF-4FD2-91AA-5FB3231ACCAA}.Release|x86.ActiveCfg = Release|Any CPU
		{D81ACF1F-99CF-4FD2-91AA-5FB3231ACCAA}.Release|x86.Build.0 = Release|Any CPU
		{F080AD69-6D71-44C6-A086-AE4C7CDAEB8F}.Debug|Any CPU.ActiveCfg = Debug|Any CPU
		{F080AD69-6D71-44C6-A086-AE4C7CDAEB8F}.Debug|Any CPU.Build.0 = Debug|Any CPU
		{F080AD69-6D71-44C6-A086-AE4C7CDAEB8F}.Debug|x64.ActiveCfg = Debug|Any CPU
		{F080AD69-6D71-44C6-A086-AE4C7CDAEB8F}.Debug|x64.Build.0 = Debug|Any CPU
		{F080AD69-6D71-44C6-A086-AE4C7CDAEB8F}.Debug|x86.ActiveCfg = Debug|Any CPU
		{F080AD69-6D71-44C6-A086-AE4C7CDAEB8F}.Debug|x86.Build.0 = Debug|Any CPU
		{F080AD69-6D71-44C6-A086-AE4C7CDAEB8F}.Release|Any CPU.ActiveCfg = Release|Any CPU
		{F080AD69-6D71-44C6-A086-AE4C7CDAEB8F}.Release|Any CPU.Build.0 = Release|Any CPU
		{F080AD69-6D71-44C6-A086-AE4C7CDAEB8F}.Release|x64.ActiveCfg = Release|Any CPU
		{F080AD69-6D71-44C6-A086-AE4C7CDAEB8F}.Release|x64.Build.0 = Release|Any CPU
		{F080AD69-6D71-44C6-A086-AE4C7CDAEB8F}.Release|x86.ActiveCfg = Release|Any CPU
		{F080AD69-6D71-44C6-A086-AE4C7CDAEB8F}.Release|x86.Build.0 = Release|Any CPU
		{A5C4A270-9476-4607-896A-C656A32246E5}.Debug|Any CPU.ActiveCfg = Debug|Any CPU
		{A5C4A270-9476-4607-896A-C656A32246E5}.Debug|Any CPU.Build.0 = Debug|Any CPU
		{A5C4A270-9476-4607-896A-C656A32246E5}.Debug|x64.ActiveCfg = Debug|Any CPU
		{A5C4A270-9476-4607-896A-C656A32246E5}.Debug|x64.Build.0 = Debug|Any CPU
		{A5C4A270-9476-4607-896A-C656A32246E5}.Debug|x86.ActiveCfg = Debug|Any CPU
		{A5C4A270-9476-4607-896A-C656A32246E5}.Debug|x86.Build.0 = Debug|Any CPU
		{A5C4A270-9476-4607-896A-C656A32246E5}.Release|Any CPU.ActiveCfg = Release|Any CPU
		{A5C4A270-9476-4607-896A-C656A32246E5}.Release|Any CPU.Build.0 = Release|Any CPU
		{A5C4A270-9476-4607-896A-C656A32246E5}.Release|x64.ActiveCfg = Release|Any CPU
		{A5C4A270-9476-4607-896A-C656A32246E5}.Release|x64.Build.0 = Release|Any CPU
		{A5C4A270-9476-4607-896A-C656A32246E5}.Release|x86.ActiveCfg = Release|Any CPU
		{A5C4A270-9476-4607-896A-C656A32246E5}.Release|x86.Build.0 = Release|Any CPU
		{F36FDAEA-E541-43D7-B6BB-91471ED35A05}.Debug|Any CPU.ActiveCfg = Debug|Any CPU
		{F36FDAEA-E541-43D7-B6BB-91471ED35A05}.Debug|Any CPU.Build.0 = Debug|Any CPU
		{F36FDAEA-E541-43D7-B6BB-91471ED35A05}.Debug|x64.ActiveCfg = Debug|Any CPU
		{F36FDAEA-E541-43D7-B6BB-91471ED35A05}.Debug|x64.Build.0 = Debug|Any CPU
		{F36FDAEA-E541-43D7-B6BB-91471ED35A05}.Debug|x86.ActiveCfg = Debug|Any CPU
		{F36FDAEA-E541-43D7-B6BB-91471ED35A05}.Debug|x86.Build.0 = Debug|Any CPU
		{F36FDAEA-E541-43D7-B6BB-91471ED35A05}.Release|Any CPU.ActiveCfg = Release|Any CPU
		{F36FDAEA-E541-43D7-B6BB-91471ED35A05}.Release|Any CPU.Build.0 = Release|Any CPU
		{F36FDAEA-E541-43D7-B6BB-91471ED35A05}.Release|x64.ActiveCfg = Release|Any CPU
		{F36FDAEA-E541-43D7-B6BB-91471ED35A05}.Release|x64.Build.0 = Release|Any CPU
		{F36FDAEA-E541-43D7-B6BB-91471ED35A05}.Release|x86.ActiveCfg = Release|Any CPU
		{F36FDAEA-E541-43D7-B6BB-91471ED35A05}.Release|x86.Build.0 = Release|Any CPU
		{EBCE26C0-67FC-472D-B3EC-78C8765F4819}.Debug|Any CPU.ActiveCfg = Debug|Any CPU
		{EBCE26C0-67FC-472D-B3EC-78C8765F4819}.Debug|Any CPU.Build.0 = Debug|Any CPU
		{EBCE26C0-67FC-472D-B3EC-78C8765F4819}.Debug|x64.ActiveCfg = Debug|Any CPU
		{EBCE26C0-67FC-472D-B3EC-78C8765F4819}.Debug|x64.Build.0 = Debug|Any CPU
		{EBCE26C0-67FC-472D-B3EC-78C8765F4819}.Debug|x86.ActiveCfg = Debug|Any CPU
		{EBCE26C0-67FC-472D-B3EC-78C8765F4819}.Debug|x86.Build.0 = Debug|Any CPU
		{EBCE26C0-67FC-472D-B3EC-78C8765F4819}.Release|Any CPU.ActiveCfg = Release|Any CPU
		{EBCE26C0-67FC-472D-B3EC-78C8765F4819}.Release|Any CPU.Build.0 = Release|Any CPU
		{EBCE26C0-67FC-472D-B3EC-78C8765F4819}.Release|x64.ActiveCfg = Release|Any CPU
		{EBCE26C0-67FC-472D-B3EC-78C8765F4819}.Release|x64.Build.0 = Release|Any CPU
		{EBCE26C0-67FC-472D-B3EC-78C8765F4819}.Release|x86.ActiveCfg = Release|Any CPU
		{EBCE26C0-67FC-472D-B3EC-78C8765F4819}.Release|x86.Build.0 = Release|Any CPU
		{5FDEE535-91E1-46FE-B324-42613228BFEA}.Debug|Any CPU.ActiveCfg = Debug|Any CPU
		{5FDEE535-91E1-46FE-B324-42613228BFEA}.Debug|Any CPU.Build.0 = Debug|Any CPU
		{5FDEE535-91E1-46FE-B324-42613228BFEA}.Debug|x64.ActiveCfg = Debug|Any CPU
		{5FDEE535-91E1-46FE-B324-42613228BFEA}.Debug|x64.Build.0 = Debug|Any CPU
		{5FDEE535-91E1-46FE-B324-42613228BFEA}.Debug|x86.ActiveCfg = Debug|Any CPU
		{5FDEE535-91E1-46FE-B324-42613228BFEA}.Debug|x86.Build.0 = Debug|Any CPU
		{5FDEE535-91E1-46FE-B324-42613228BFEA}.Release|Any CPU.ActiveCfg = Release|Any CPU
		{5FDEE535-91E1-46FE-B324-42613228BFEA}.Release|Any CPU.Build.0 = Release|Any CPU
		{5FDEE535-91E1-46FE-B324-42613228BFEA}.Release|x64.ActiveCfg = Release|Any CPU
		{5FDEE535-91E1-46FE-B324-42613228BFEA}.Release|x64.Build.0 = Release|Any CPU
		{5FDEE535-91E1-46FE-B324-42613228BFEA}.Release|x86.ActiveCfg = Release|Any CPU
		{5FDEE535-91E1-46FE-B324-42613228BFEA}.Release|x86.Build.0 = Release|Any CPU
		{AAF1DABF-8F98-45D2-BD9D-F207263910D1}.Debug|Any CPU.ActiveCfg = Debug|Any CPU
		{AAF1DABF-8F98-45D2-BD9D-F207263910D1}.Debug|Any CPU.Build.0 = Debug|Any CPU
		{AAF1DABF-8F98-45D2-BD9D-F207263910D1}.Debug|x64.ActiveCfg = Debug|Any CPU
		{AAF1DABF-8F98-45D2-BD9D-F207263910D1}.Debug|x64.Build.0 = Debug|Any CPU
		{AAF1DABF-8F98-45D2-BD9D-F207263910D1}.Debug|x86.ActiveCfg = Debug|Any CPU
		{AAF1DABF-8F98-45D2-BD9D-F207263910D1}.Debug|x86.Build.0 = Debug|Any CPU
		{AAF1DABF-8F98-45D2-BD9D-F207263910D1}.Release|Any CPU.ActiveCfg = Release|Any CPU
		{AAF1DABF-8F98-45D2-BD9D-F207263910D1}.Release|Any CPU.Build.0 = Release|Any CPU
		{AAF1DABF-8F98-45D2-BD9D-F207263910D1}.Release|x64.ActiveCfg = Release|Any CPU
		{AAF1DABF-8F98-45D2-BD9D-F207263910D1}.Release|x64.Build.0 = Release|Any CPU
		{AAF1DABF-8F98-45D2-BD9D-F207263910D1}.Release|x86.ActiveCfg = Release|Any CPU
		{AAF1DABF-8F98-45D2-BD9D-F207263910D1}.Release|x86.Build.0 = Release|Any CPU
	EndGlobalSection
	GlobalSection(SolutionProperties) = preSolution
		HideSolutionNode = FALSE
	EndGlobalSection
	GlobalSection(NestedProjects) = preSolution
		{20000000-0000-0000-0000-000000000001} = {10000000-0000-0000-0000-000000000001}
		{20000000-0000-0000-0000-000000000002} = {10000000-0000-0000-0000-000000000001}
		{20000000-0000-0000-0000-000000000003} = {10000000-0000-0000-0000-000000000001}
		{30000000-0000-0000-0000-000000000001} = {10000000-0000-0000-0000-000000000002}
		{30000000-0000-0000-0000-000000000002} = {10000000-0000-0000-0000-000000000002}
		{40000000-0000-0000-0000-000000000001} = {10000000-0000-0000-0000-000000000003}
		{99E79692-3006-496D-BDE2-0F1DC3265589} = {10000000-0000-0000-0000-000000000002}
		{F427707A-5532-4236-A1B7-5AB9E5976CDF} = {10000000-0000-0000-0000-000000000003}
		{3B5D7F74-9465-FC77-406E-5255AD506D93} = {10000000-0000-0000-0000-000000000001}
		{FCB4B10B-1254-E0F7-17DC-CA79A4511009} = {3B5D7F74-9465-FC77-406E-5255AD506D93}
		{D81ACF1F-99CF-4FD2-91AA-5FB3231ACCAA} = {FCB4B10B-1254-E0F7-17DC-CA79A4511009}
		{4E719957-FC31-3E17-C813-D25CECB0AE0D} = {10000000-0000-0000-0000-000000000001}
		{E726284F-FE4A-FFCD-258C-D9646133190C} = {4E719957-FC31-3E17-C813-D25CECB0AE0D}
		{F080AD69-6D71-44C6-A086-AE4C7CDAEB8F} = {E726284F-FE4A-FFCD-258C-D9646133190C}
		{66573A04-73F3-6E7D-9DF3-F40E984FC7D9} = {10000000-0000-0000-0000-000000000001}
		{C97CE783-F5E4-4944-F7DB-20086746A01D} = {66573A04-73F3-6E7D-9DF3-F40E984FC7D9}
		{A5C4A270-9476-4607-896A-C656A32246E5} = {C97CE783-F5E4-4944-F7DB-20086746A01D}
		{6EB5BE22-6C01-B8D6-1399-6C40FE7D3201} = {10000000-0000-0000-0000-000000000001}
		{447B3DF9-986B-8C0E-CE47-856C1A4403C0} = {6EB5BE22-6C01-B8D6-1399-6C40FE7D3201}
		{F36FDAEA-E541-43D7-B6BB-91471ED35A05} = {447B3DF9-986B-8C0E-CE47-856C1A4403C0}
		{73C1EA73-07C5-9F35-B2B5-789B665DEE8B} = {10000000-0000-0000-0000-000000000001}
		{CBB42108-F132-9622-B092-9511999B5846} = {73C1EA73-07C5-9F35-B2B5-789B665DEE8B}
		{EBCE26C0-67FC-472D-B3EC-78C8765F4819} = {CBB42108-F132-9622-B092-9511999B5846}
		{0E773037-2458-D040-B96E-37C399E5E206} = {10000000-0000-0000-0000-000000000001}
		{354ED5C4-9669-7FE9-D833-8AE9F78F1595} = {0E773037-2458-D040-B96E-37C399E5E206}
		{5FDEE535-91E1-46FE-B324-42613228BFEA} = {354ED5C4-9669-7FE9-D833-8AE9F78F1595}
		{B8309CCB-ADE7-8FAD-7313-7A7F760EDBEA} = {10000000-0000-0000-0000-000000000001}
		{40C405E8-1206-7B28-9E96-93642EF1C9B8} = {B8309CCB-ADE7-8FAD-7313-7A7F760EDBEA}
		{AAF1DABF-8F98-45D2-BD9D-F207263910D1} = {40C405E8-1206-7B28-9E96-93642EF1C9B8}
	EndGlobalSection
EndGlobal
