
Microsoft Visual Studio Solution File, Format Version 12.00
# Visual Studio Version 17
VisualStudioVersion = 17.0.31903.59
MinimumVisualStudioVersion = 10.0.40219.1
Project("{2150E333-8FDC-42A3-9474-1A3956D46DE8}") = "src", "src", "{827E0CD3-B72D-47B6-A68D-7590B98EB39B}"
EndProject
Project("{FAE04EC0-301F-11D3-BF4B-00C04F79EFBC}") = "IAFahim.Collections.NoDeps", "src\IAFahim.Collections.NoDeps\IAFahim.Collections.NoDeps.csproj", "{04437ABE-8CD4-4C6F-9452-21A96F67A0C4}"
EndProject
Project("{FAE04EC0-301F-11D3-BF4B-00C04F79EFBC}") = "IAFahim.Compress.Coordinate", "src\IAFahim.Compress.Coordinate\IAFahim.Compress.Coordinate.csproj", "{6040BD90-DB0E-4044-91D2-1247CADCE413}"
EndProject
Project("{FAE04EC0-301F-11D3-BF4B-00C04F79EFBC}") = "IAFahim.Compress", "src\IAFahim.Compress\IAFahim.Compress.csproj", "{3319C9A4-2B8C-4875-8CC9-EC30D6DF5916}"
EndProject
Project("{FAE04EC0-301F-11D3-BF4B-00C04F79EFBC}") = "IAFahim.DS.Grid", "src\IAFahim.DS.Grid\IAFahim.DS.Grid.csproj", "{3F55F7DC-FC08-44EF-AFA3-7B326136B43E}"
EndProject
Project("{FAE04EC0-301F-11D3-BF4B-00C04F79EFBC}") = "IAFahim.DS.UnsafeArray", "src\IAFahim.DS.UnsafeArray\IAFahim.DS.UnsafeArray.csproj", "{C53CF188-B4B0-4455-A3A8-F4C48FFF1DB6}"
EndProject
Project("{FAE04EC0-301F-11D3-BF4B-00C04F79EFBC}") = "IAFahim.Math.Basic", "src\IAFahim.Math.Basic\IAFahim.Math.Basic.csproj", "{A0DE4296-786D-4B78-AF92-43EBB74D637F}"
EndProject
Project("{FAE04EC0-301F-11D3-BF4B-00C04F79EFBC}") = "IAFahim.Math.Modular", "src\IAFahim.Math.Modular\IAFahim.Math.Modular.csproj", "{D30A1CAA-3976-4CC9-BDB0-8DC4B8BC6625}"
EndProject
Project("{FAE04EC0-301F-11D3-BF4B-00C04F79EFBC}") = "IAFahim.Permutation", "src\IAFahim.Permutation\IAFahim.Permutation.csproj", "{C3465865-FFDD-425B-9415-3EC5C6426CBA}"
EndProject
Project("{FAE04EC0-301F-11D3-BF4B-00C04F79EFBC}") = "IAFahim.Search.Bit", "src\IAFahim.Search.Bit\IAFahim.Search.Bit.csproj", "{002DF22E-A7B4-42EA-925E-9664660F2D23}"
EndProject
Project("{FAE04EC0-301F-11D3-BF4B-00C04F79EFBC}") = "IAFahim.Search.DifferenceArray", "src\IAFahim.Search.DifferenceArray\IAFahim.Search.DifferenceArray.csproj", "{3CC6E96A-15E8-436A-8129-65314EC841CC}"
EndProject
Project("{FAE04EC0-301F-11D3-BF4B-00C04F79EFBC}") = "IAFahim.Search.Imos", "src\IAFahim.Search.Imos\IAFahim.Search.Imos.csproj", "{B8031E98-C8B2-46A5-8A7D-FAE523CAFC36}"
EndProject
Project("{FAE04EC0-301F-11D3-BF4B-00C04F79EFBC}") = "IAFahim.Search.Interval", "src\IAFahim.Search.Interval\IAFahim.Search.Interval.csproj", "{E5C6F93A-799C-46E5-BB55-CB3B42D7E41D}"
EndProject
Project("{FAE04EC0-301F-11D3-BF4B-00C04F79EFBC}") = "IAFahim.Search.MeetInMiddle", "src\IAFahim.Search.MeetInMiddle\IAFahim.Search.MeetInMiddle.csproj", "{DDCBC1FD-2B31-43D7-9FB0-423723B3B663}"
EndProject
Project("{FAE04EC0-301F-11D3-BF4B-00C04F79EFBC}") = "IAFahim.Search.Prefix", "src\IAFahim.Search.Prefix\IAFahim.Search.Prefix.csproj", "{CF3BCE21-F9DE-49AC-9AB0-B2A1E89B0A19}"
EndProject
Project("{FAE04EC0-301F-11D3-BF4B-00C04F79EFBC}") = "IAFahim.Search.Range", "src\IAFahim.Search.Range\IAFahim.Search.Range.csproj", "{214B6BBB-277A-4293-BDEE-9DA20759FD96}"
EndProject
Project("{FAE04EC0-301F-11D3-BF4B-00C04F79EFBC}") = "IAFahim.Search.Selection", "src\IAFahim.Search.Selection\IAFahim.Search.Selection.csproj", "{B11F477F-1420-4DFA-A436-0025AE22125B}"
EndProject
Project("{FAE04EC0-301F-11D3-BF4B-00C04F79EFBC}") = "IAFahim.Search.Specialized", "src\IAFahim.Search.Specialized\IAFahim.Search.Specialized.csproj", "{FD748C3A-40A0-46FF-BBA8-DF1F06D79DCF}"
EndProject
Project("{FAE04EC0-301F-11D3-BF4B-00C04F79EFBC}") = "IAFahim.Search.Subset", "src\IAFahim.Search.Subset\IAFahim.Search.Subset.csproj", "{120DF0D1-1CD5-4A67-8CE8-3C3E590AF8F6}"
EndProject
Project("{FAE04EC0-301F-11D3-BF4B-00C04F79EFBC}") = "IAFahim.Search.Suffix", "src\IAFahim.Search.Suffix\IAFahim.Search.Suffix.csproj", "{35BD3BD0-C162-43F7-A217-053C487B2B58}"
EndProject
Project("{FAE04EC0-301F-11D3-BF4B-00C04F79EFBC}") = "IAFahim.Search.TwoPointer", "src\IAFahim.Search.TwoPointer\IAFahim.Search.TwoPointer.csproj", "{26AA0898-5279-40C9-8B4D-B369EBBFD713}"
EndProject
Project("{FAE04EC0-301F-11D3-BF4B-00C04F79EFBC}") = "IAFahim.Search.Window", "src\IAFahim.Search.Window\IAFahim.Search.Window.csproj", "{7587D992-E0FB-4E44-9D85-81E23A888243}"
EndProject
Project("{FAE04EC0-301F-11D3-BF4B-00C04F79EFBC}") = "IAFahim.Sort.Insertion", "src\IAFahim.Sort.Insertion\IAFahim.Sort.Insertion.csproj", "{2A29998D-FDC0-47A1-8F59-5545A1D7FE53}"
EndProject
Project("{FAE04EC0-301F-11D3-BF4B-00C04F79EFBC}") = "IAFahim.Sort.Merge", "src\IAFahim.Sort.Merge\IAFahim.Sort.Merge.csproj", "{7B6FB00B-E6AF-4583-AD50-C817322A0C98}"
EndProject
Project("{FAE04EC0-301F-11D3-BF4B-00C04F79EFBC}") = "IAFahim.Sort.Partition", "src\IAFahim.Sort.Partition\IAFahim.Sort.Partition.csproj", "{112A64BF-389C-460D-980C-F9AAF149C853}"
EndProject
Project("{FAE04EC0-301F-11D3-BF4B-00C04F79EFBC}") = "IAFahim.Sort.Specialized", "src\IAFahim.Sort.Specialized\IAFahim.Sort.Specialized.csproj", "{AEFD7972-BCC3-43CE-9A6A-CF7DAA386F3E}"
EndProject
Project("{FAE04EC0-301F-11D3-BF4B-00C04F79EFBC}") = "IAFahim.Unique", "src\IAFahim.Unique\IAFahim.Unique.csproj", "{66F8C849-A7DF-4150-AD12-BAB412336A4F}"
EndProject
Project("{2150E333-8FDC-42A3-9474-1A3956D46DE8}") = "test", "test", "{0C88DD14-F956-CE84-757C-A364CCF449FC}"
EndProject
Project("{FAE04EC0-301F-11D3-BF4B-00C04F79EFBC}") = "IAFahim.Collections.NoDeps.Tests", "test\IAFahim.Collections.NoDeps.Tests\IAFahim.Collections.NoDeps.Tests.csproj", "{28DECBB6-B508-4F8F-8BF2-B9FF4EAA2B18}"
EndProject
Project("{FAE04EC0-301F-11D3-BF4B-00C04F79EFBC}") = "IAFahim.Compress.Coordinate.Tests", "test\IAFahim.Compress.Coordinate.Tests\IAFahim.Compress.Coordinate.Tests.csproj", "{D9FFDAB7-CEE0-4112-A6D1-AB2E29420E1A}"
EndProject
Project("{FAE04EC0-301F-11D3-BF4B-00C04F79EFBC}") = "IAFahim.Compress.Tests", "test\IAFahim.Compress.Tests\IAFahim.Compress.Tests.csproj", "{5B818C2C-F159-4C0F-A7AB-AE82F4F2CB2B}"
EndProject
Project("{FAE04EC0-301F-11D3-BF4B-00C04F79EFBC}") = "IAFahim.DS.Grid.Tests", "test\IAFahim.DS.Grid.Tests\IAFahim.DS.Grid.Tests.csproj", "{44204A92-5CB2-417D-A6B9-4B5B70EB6296}"
EndProject
Project("{FAE04EC0-301F-11D3-BF4B-00C04F79EFBC}") = "IAFahim.DS.UnsafeArray.Tests", "test\IAFahim.DS.UnsafeArray.Tests\IAFahim.DS.UnsafeArray.Tests.csproj", "{9C7BB0B8-CFD4-41A9-A332-A597D865069B}"
EndProject
Project("{FAE04EC0-301F-11D3-BF4B-00C04F79EFBC}") = "IAFahim.Math.Basic.Tests", "test\IAFahim.Math.Basic.Tests\IAFahim.Math.Basic.Tests.csproj", "{BF7B5211-0F27-43D7-B7AF-3E0D02AD87EF}"
EndProject
Project("{FAE04EC0-301F-11D3-BF4B-00C04F79EFBC}") = "IAFahim.Math.Modular.Tests", "test\IAFahim.Math.Modular.Tests\IAFahim.Math.Modular.Tests.csproj", "{0B078EF3-BFE5-458E-B952-2D4183272D41}"
EndProject
Project("{FAE04EC0-301F-11D3-BF4B-00C04F79EFBC}") = "IAFahim.Permutation.Tests", "test\IAFahim.Permutation.Tests\IAFahim.Permutation.Tests.csproj", "{D05265C5-A94E-43DB-9DED-76FFB35FB6BB}"
EndProject
Project("{FAE04EC0-301F-11D3-BF4B-00C04F79EFBC}") = "IAFahim.Search.Bit.Tests", "test\IAFahim.Search.Bit.Tests\IAFahim.Search.Bit.Tests.csproj", "{99DCBF64-5998-4836-9479-2D0632FCD5AB}"
EndProject
Project("{FAE04EC0-301F-11D3-BF4B-00C04F79EFBC}") = "IAFahim.Search.DifferenceArray.Tests", "test\IAFahim.Search.DifferenceArray.Tests\IAFahim.Search.DifferenceArray.Tests.csproj", "{2A9B3DD4-ABF1-4FD9-B782-95F74187ECDC}"
EndProject
Project("{FAE04EC0-301F-11D3-BF4B-00C04F79EFBC}") = "IAFahim.Search.Imos.Tests", "test\IAFahim.Search.Imos.Tests\IAFahim.Search.Imos.Tests.csproj", "{A781E90D-43F3-457A-BAB1-52A1003D277B}"
EndProject
Project("{FAE04EC0-301F-11D3-BF4B-00C04F79EFBC}") = "IAFahim.Search.Interval.Tests", "test\IAFahim.Search.Interval.Tests\IAFahim.Search.Interval.Tests.csproj", "{636AEBE8-D090-4485-A05C-D4299511EDA6}"
EndProject
Project("{FAE04EC0-301F-11D3-BF4B-00C04F79EFBC}") = "IAFahim.Search.MeetInMiddle.Tests", "test\IAFahim.Search.MeetInMiddle.Tests\IAFahim.Search.MeetInMiddle.Tests.csproj", "{D27577D0-5432-44A2-B63A-48878FCA2808}"
EndProject
Project("{FAE04EC0-301F-11D3-BF4B-00C04F79EFBC}") = "IAFahim.Search.Prefix.Tests", "test\IAFahim.Search.Prefix.Tests\IAFahim.Search.Prefix.Tests.csproj", "{07D4E1D1-CC93-41B8-86DA-A84F527BFFBB}"
EndProject
Project("{FAE04EC0-301F-11D3-BF4B-00C04F79EFBC}") = "IAFahim.Search.Range.Tests", "test\IAFahim.Search.Range.Tests\IAFahim.Search.Range.Tests.csproj", "{D16E6D32-F6EB-476D-8567-4A49139AC02A}"
EndProject
Project("{FAE04EC0-301F-11D3-BF4B-00C04F79EFBC}") = "IAFahim.Search.Selection.Tests", "test\IAFahim.Search.Selection.Tests\IAFahim.Search.Selection.Tests.csproj", "{A5BBD366-C4F8-4ADF-9AD2-8236B186E1D6}"
EndProject
Project("{FAE04EC0-301F-11D3-BF4B-00C04F79EFBC}") = "IAFahim.Search.Specialized.Tests", "test\IAFahim.Search.Specialized.Tests\IAFahim.Search.Specialized.Tests.csproj", "{047F8FAC-F0E8-4C8E-89C9-D2D693C636CE}"
EndProject
Project("{FAE04EC0-301F-11D3-BF4B-00C04F79EFBC}") = "IAFahim.Search.Subset.Tests", "test\IAFahim.Search.Subset.Tests\IAFahim.Search.Subset.Tests.csproj", "{3BC2E806-455A-4987-A3A3-3DC81DA5EC19}"
EndProject
Project("{FAE04EC0-301F-11D3-BF4B-00C04F79EFBC}") = "IAFahim.Search.Suffix.Tests", "test\IAFahim.Search.Suffix.Tests\IAFahim.Search.Suffix.Tests.csproj", "{23895165-FFD1-42F7-AE9E-B055E7988AC2}"
EndProject
Project("{FAE04EC0-301F-11D3-BF4B-00C04F79EFBC}") = "IAFahim.Search.TwoPointer.Tests", "test\IAFahim.Search.TwoPointer.Tests\IAFahim.Search.TwoPointer.Tests.csproj", "{01A9F6F2-A2B4-4AAC-BDB1-72C105669D08}"
EndProject
Project("{FAE04EC0-301F-11D3-BF4B-00C04F79EFBC}") = "IAFahim.Search.Window.Tests", "test\IAFahim.Search.Window.Tests\IAFahim.Search.Window.Tests.csproj", "{E9877494-2CC4-43DD-AA46-58B4F4B1DF90}"
EndProject
Project("{FAE04EC0-301F-11D3-BF4B-00C04F79EFBC}") = "IAFahim.Sort.Insertion.Tests", "test\IAFahim.Sort.Insertion.Tests\IAFahim.Sort.Insertion.Tests.csproj", "{95CE57BA-F854-447C-8B5A-738817B927A1}"
EndProject
Project("{FAE04EC0-301F-11D3-BF4B-00C04F79EFBC}") = "IAFahim.Sort.Merge.Tests", "test\IAFahim.Sort.Merge.Tests\IAFahim.Sort.Merge.Tests.csproj", "{AB520486-843B-468E-89DD-5F5B444DDB20}"
EndProject
Project("{FAE04EC0-301F-11D3-BF4B-00C04F79EFBC}") = "IAFahim.Sort.Partition.Tests", "test\IAFahim.Sort.Partition.Tests\IAFahim.Sort.Partition.Tests.csproj", "{54DE7162-71A8-4151-A998-3B8A5F28BB09}"
EndProject
Project("{FAE04EC0-301F-11D3-BF4B-00C04F79EFBC}") = "IAFahim.Sort.Specialized.Tests", "test\IAFahim.Sort.Specialized.Tests\IAFahim.Sort.Specialized.Tests.csproj", "{2A12510C-F50A-435E-9151-381831CF7C3C}"
EndProject
Project("{FAE04EC0-301F-11D3-BF4B-00C04F79EFBC}") = "IAFahim.Unique.Tests", "test\IAFahim.Unique.Tests\IAFahim.Unique.Tests.csproj", "{1539A14B-928E-45D7-86D8-D673565FDBD1}"
EndProject
Global
	GlobalSection(SolutionConfigurationPlatforms) = preSolution
		Debug|Any CPU = Debug|Any CPU
		Debug|x64 = Debug|x64
		Debug|x86 = Debug|x86
		Release|Any CPU = Release|Any CPU
		Release|x64 = Release|x64
		Release|x86 = Release|x86
	EndGlobalSection
	GlobalSection(ProjectConfigurationPlatforms) = postSolution
		{04437ABE-8CD4-4C6F-9452-21A96F67A0C4}.Debug|Any CPU.ActiveCfg = Debug|Any CPU
		{04437ABE-8CD4-4C6F-9452-21A96F67A0C4}.Debug|Any CPU.Build.0 = Debug|Any CPU
		{04437ABE-8CD4-4C6F-9452-21A96F67A0C4}.Debug|x64.ActiveCfg = Debug|Any CPU
		{04437ABE-8CD4-4C6F-9452-21A96F67A0C4}.Debug|x64.Build.0 = Debug|Any CPU
		{04437ABE-8CD4-4C6F-9452-21A96F67A0C4}.Debug|x86.ActiveCfg = Debug|Any CPU
		{04437ABE-8CD4-4C6F-9452-21A96F67A0C4}.Debug|x86.Build.0 = Debug|Any CPU
		{04437ABE-8CD4-4C6F-9452-21A96F67A0C4}.Release|Any CPU.ActiveCfg = Release|Any CPU
		{04437ABE-8CD4-4C6F-9452-21A96F67A0C4}.Release|Any CPU.Build.0 = Release|Any CPU
		{04437ABE-8CD4-4C6F-9452-21A96F67A0C4}.Release|x64.ActiveCfg = Release|Any CPU
		{04437ABE-8CD4-4C6F-9452-21A96F67A0C4}.Release|x64.Build.0 = Release|Any CPU
		{04437ABE-8CD4-4C6F-9452-21A96F67A0C4}.Release|x86.ActiveCfg = Release|Any CPU
		{04437ABE-8CD4-4C6F-9452-21A96F67A0C4}.Release|x86.Build.0 = Release|Any CPU
		{6040BD90-DB0E-4044-91D2-1247CADCE413}.Debug|Any CPU.ActiveCfg = Debug|Any CPU
		{6040BD90-DB0E-4044-91D2-1247CADCE413}.Debug|Any CPU.Build.0 = Debug|Any CPU
		{6040BD90-DB0E-4044-91D2-1247CADCE413}.Debug|x64.ActiveCfg = Debug|Any CPU
		{6040BD90-DB0E-4044-91D2-1247CADCE413}.Debug|x64.Build.0 = Debug|Any CPU
		{6040BD90-DB0E-4044-91D2-1247CADCE413}.Debug|x86.ActiveCfg = Debug|Any CPU
		{6040BD90-DB0E-4044-91D2-1247CADCE413}.Debug|x86.Build.0 = Debug|Any CPU
		{6040BD90-DB0E-4044-91D2-1247CADCE413}.Release|Any CPU.ActiveCfg = Release|Any CPU
		{6040BD90-DB0E-4044-91D2-1247CADCE413}.Release|Any CPU.Build.0 = Release|Any CPU
		{6040BD90-DB0E-4044-91D2-1247CADCE413}.Release|x64.ActiveCfg = Release|Any CPU
		{6040BD90-DB0E-4044-91D2-1247CADCE413}.Release|x64.Build.0 = Release|Any CPU
		{6040BD90-DB0E-4044-91D2-1247CADCE413}.Release|x86.ActiveCfg = Release|Any CPU
		{6040BD90-DB0E-4044-91D2-1247CADCE413}.Release|x86.Build.0 = Release|Any CPU
		{3319C9A4-2B8C-4875-8CC9-EC30D6DF5916}.Debug|Any CPU.ActiveCfg = Debug|Any CPU
		{3319C9A4-2B8C-4875-8CC9-EC30D6DF5916}.Debug|Any CPU.Build.0 = Debug|Any CPU
		{3319C9A4-2B8C-4875-8CC9-EC30D6DF5916}.Debug|x64.ActiveCfg = Debug|Any CPU
		{3319C9A4-2B8C-4875-8CC9-EC30D6DF5916}.Debug|x64.Build.0 = Debug|Any CPU
		{3319C9A4-2B8C-4875-8CC9-EC30D6DF5916}.Debug|x86.ActiveCfg = Debug|Any CPU
		{3319C9A4-2B8C-4875-8CC9-EC30D6DF5916}.Debug|x86.Build.0 = Debug|Any CPU
		{3319C9A4-2B8C-4875-8CC9-EC30D6DF5916}.Release|Any CPU.ActiveCfg = Release|Any CPU
		{3319C9A4-2B8C-4875-8CC9-EC30D6DF5916}.Release|Any CPU.Build.0 = Release|Any CPU
		{3319C9A4-2B8C-4875-8CC9-EC30D6DF5916}.Release|x64.ActiveCfg = Release|Any CPU
		{3319C9A4-2B8C-4875-8CC9-EC30D6DF5916}.Release|x64.Build.0 = Release|Any CPU
		{3319C9A4-2B8C-4875-8CC9-EC30D6DF5916}.Release|x86.ActiveCfg = Release|Any CPU
		{3319C9A4-2B8C-4875-8CC9-EC30D6DF5916}.Release|x86.Build.0 = Release|Any CPU
		{3F55F7DC-FC08-44EF-AFA3-7B326136B43E}.Debug|Any CPU.ActiveCfg = Debug|Any CPU
		{3F55F7DC-FC08-44EF-AFA3-7B326136B43E}.Debug|Any CPU.Build.0 = Debug|Any CPU
		{3F55F7DC-FC08-44EF-AFA3-7B326136B43E}.Debug|x64.ActiveCfg = Debug|Any CPU
		{3F55F7DC-FC08-44EF-AFA3-7B326136B43E}.Debug|x64.Build.0 = Debug|Any CPU
		{3F55F7DC-FC08-44EF-AFA3-7B326136B43E}.Debug|x86.ActiveCfg = Debug|Any CPU
		{3F55F7DC-FC08-44EF-AFA3-7B326136B43E}.Debug|x86.Build.0 = Debug|Any CPU
		{3F55F7DC-FC08-44EF-AFA3-7B326136B43E}.Release|Any CPU.ActiveCfg = Release|Any CPU
		{3F55F7DC-FC08-44EF-AFA3-7B326136B43E}.Release|Any CPU.Build.0 = Release|Any CPU
		{3F55F7DC-FC08-44EF-AFA3-7B326136B43E}.Release|x64.ActiveCfg = Release|Any CPU
		{3F55F7DC-FC08-44EF-AFA3-7B326136B43E}.Release|x64.Build.0 = Release|Any CPU
		{3F55F7DC-FC08-44EF-AFA3-7B326136B43E}.Release|x86.ActiveCfg = Release|Any CPU
		{3F55F7DC-FC08-44EF-AFA3-7B326136B43E}.Release|x86.Build.0 = Release|Any CPU
		{C53CF188-B4B0-4455-A3A8-F4C48FFF1DB6}.Debug|Any CPU.ActiveCfg = Debug|Any CPU
		{C53CF188-B4B0-4455-A3A8-F4C48FFF1DB6}.Debug|Any CPU.Build.0 = Debug|Any CPU
		{C53CF188-B4B0-4455-A3A8-F4C48FFF1DB6}.Debug|x64.ActiveCfg = Debug|Any CPU
		{C53CF188-B4B0-4455-A3A8-F4C48FFF1DB6}.Debug|x64.Build.0 = Debug|Any CPU
		{C53CF188-B4B0-4455-A3A8-F4C48FFF1DB6}.Debug|x86.ActiveCfg = Debug|Any CPU
		{C53CF188-B4B0-4455-A3A8-F4C48FFF1DB6}.Debug|x86.Build.0 = Debug|Any CPU
		{C53CF188-B4B0-4455-A3A8-F4C48FFF1DB6}.Release|Any CPU.ActiveCfg = Release|Any CPU
		{C53CF188-B4B0-4455-A3A8-F4C48FFF1DB6}.Release|Any CPU.Build.0 = Release|Any CPU
		{C53CF188-B4B0-4455-A3A8-F4C48FFF1DB6}.Release|x64.ActiveCfg = Release|Any CPU
		{C53CF188-B4B0-4455-A3A8-F4C48FFF1DB6}.Release|x64.Build.0 = Release|Any CPU
		{C53CF188-B4B0-4455-A3A8-F4C48FFF1DB6}.Release|x86.ActiveCfg = Release|Any CPU
		{C53CF188-B4B0-4455-A3A8-F4C48FFF1DB6}.Release|x86.Build.0 = Release|Any CPU
		{A0DE4296-786D-4B78-AF92-43EBB74D637F}.Debug|Any CPU.ActiveCfg = Debug|Any CPU
		{A0DE4296-786D-4B78-AF92-43EBB74D637F}.Debug|Any CPU.Build.0 = Debug|Any CPU
		{A0DE4296-786D-4B78-AF92-43EBB74D637F}.Debug|x64.ActiveCfg = Debug|Any CPU
		{A0DE4296-786D-4B78-AF92-43EBB74D637F}.Debug|x64.Build.0 = Debug|Any CPU
		{A0DE4296-786D-4B78-AF92-43EBB74D637F}.Debug|x86.ActiveCfg = Debug|Any CPU
		{A0DE4296-786D-4B78-AF92-43EBB74D637F}.Debug|x86.Build.0 = Debug|Any CPU
		{A0DE4296-786D-4B78-AF92-43EBB74D637F}.Release|Any CPU.ActiveCfg = Release|Any CPU
		{A0DE4296-786D-4B78-AF92-43EBB74D637F}.Release|Any CPU.Build.0 = Release|Any CPU
		{A0DE4296-786D-4B78-AF92-43EBB74D637F}.Release|x64.ActiveCfg = Release|Any CPU
		{A0DE4296-786D-4B78-AF92-43EBB74D637F}.Release|x64.Build.0 = Release|Any CPU
		{A0DE4296-786D-4B78-AF92-43EBB74D637F}.Release|x86.ActiveCfg = Release|Any CPU
		{A0DE4296-786D-4B78-AF92-43EBB74D637F}.Release|x86.Build.0 = Release|Any CPU
		{D30A1CAA-3976-4CC9-BDB0-8DC4B8BC6625}.Debug|Any CPU.ActiveCfg = Debug|Any CPU
		{D30A1CAA-3976-4CC9-BDB0-8DC4B8BC6625}.Debug|Any CPU.Build.0 = Debug|Any CPU
		{D30A1CAA-3976-4CC9-BDB0-8DC4B8BC6625}.Debug|x64.ActiveCfg = Debug|Any CPU
		{D30A1CAA-3976-4CC9-BDB0-8DC4B8BC6625}.Debug|x64.Build.0 = Debug|Any CPU
		{D30A1CAA-3976-4CC9-BDB0-8DC4B8BC6625}.Debug|x86.ActiveCfg = Debug|Any CPU
		{D30A1CAA-3976-4CC9-BDB0-8DC4B8BC6625}.Debug|x86.Build.0 = Debug|Any CPU
		{D30A1CAA-3976-4CC9-BDB0-8DC4B8BC6625}.Release|Any CPU.ActiveCfg = Release|Any CPU
		{D30A1CAA-3976-4CC9-BDB0-8DC4B8BC6625}.Release|Any CPU.Build.0 = Release|Any CPU
		{D30A1CAA-3976-4CC9-BDB0-8DC4B8BC6625}.Release|x64.ActiveCfg = Release|Any CPU
		{D30A1CAA-3976-4CC9-BDB0-8DC4B8BC6625}.Release|x64.Build.0 = Release|Any CPU
		{D30A1CAA-3976-4CC9-BDB0-8DC4B8BC6625}.Release|x86.ActiveCfg = Release|Any CPU
		{D30A1CAA-3976-4CC9-BDB0-8DC4B8BC6625}.Release|x86.Build.0 = Release|Any CPU
		{C3465865-FFDD-425B-9415-3EC5C6426CBA}.Debug|Any CPU.ActiveCfg = Debug|Any CPU
		{C3465865-FFDD-425B-9415-3EC5C6426CBA}.Debug|Any CPU.Build.0 = Debug|Any CPU
		{C3465865-FFDD-425B-9415-3EC5C6426CBA}.Debug|x64.ActiveCfg = Debug|Any CPU
		{C3465865-FFDD-425B-9415-3EC5C6426CBA}.Debug|x64.Build.0 = Debug|Any CPU
		{C3465865-FFDD-425B-9415-3EC5C6426CBA}.Debug|x86.ActiveCfg = Debug|Any CPU
		{C3465865-FFDD-425B-9415-3EC5C6426CBA}.Debug|x86.Build.0 = Debug|Any CPU
		{C3465865-FFDD-425B-9415-3EC5C6426CBA}.Release|Any CPU.ActiveCfg = Release|Any CPU
		{C3465865-FFDD-425B-9415-3EC5C6426CBA}.Release|Any CPU.Build.0 = Release|Any CPU
		{C3465865-FFDD-425B-9415-3EC5C6426CBA}.Release|x64.ActiveCfg = Release|Any CPU
		{C3465865-FFDD-425B-9415-3EC5C6426CBA}.Release|x64.Build.0 = Release|Any CPU
		{C3465865-FFDD-425B-9415-3EC5C6426CBA}.Release|x86.ActiveCfg = Release|Any CPU
		{C3465865-FFDD-425B-9415-3EC5C6426CBA}.Release|x86.Build.0 = Release|Any CPU
		{002DF22E-A7B4-42EA-925E-9664660F2D23}.Debug|Any CPU.ActiveCfg = Debug|Any CPU
		{002DF22E-A7B4-42EA-925E-9664660F2D23}.Debug|Any CPU.Build.0 = Debug|Any CPU
		{002DF22E-A7B4-42EA-925E-9664660F2D23}.Debug|x64.ActiveCfg = Debug|Any CPU
		{002DF22E-A7B4-42EA-925E-9664660F2D23}.Debug|x64.Build.0 = Debug|Any CPU
		{002DF22E-A7B4-42EA-925E-9664660F2D23}.Debug|x86.ActiveCfg = Debug|Any CPU
		{002DF22E-A7B4-42EA-925E-9664660F2D23}.Debug|x86.Build.0 = Debug|Any CPU
		{002DF22E-A7B4-42EA-925E-9664660F2D23}.Release|Any CPU.ActiveCfg = Release|Any CPU
		{002DF22E-A7B4-42EA-925E-9664660F2D23}.Release|Any CPU.Build.0 = Release|Any CPU
		{002DF22E-A7B4-42EA-925E-9664660F2D23}.Release|x64.ActiveCfg = Release|Any CPU
		{002DF22E-A7B4-42EA-925E-9664660F2D23}.Release|x64.Build.0 = Release|Any CPU
		{002DF22E-A7B4-42EA-925E-9664660F2D23}.Release|x86.ActiveCfg = Release|Any CPU
		{002DF22E-A7B4-42EA-925E-9664660F2D23}.Release|x86.Build.0 = Release|Any CPU
		{3CC6E96A-15E8-436A-8129-65314EC841CC}.Debug|Any CPU.ActiveCfg = Debug|Any CPU
		{3CC6E96A-15E8-436A-8129-65314EC841CC}.Debug|Any CPU.Build.0 = Debug|Any CPU
		{3CC6E96A-15E8-436A-8129-65314EC841CC}.Debug|x64.ActiveCfg = Debug|Any CPU
		{3CC6E96A-15E8-436A-8129-65314EC841CC}.Debug|x64.Build.0 = Debug|Any CPU
		{3CC6E96A-15E8-436A-8129-65314EC841CC}.Debug|x86.ActiveCfg = Debug|Any CPU
		{3CC6E96A-15E8-436A-8129-65314EC841CC}.Debug|x86.Build.0 = Debug|Any CPU
		{3CC6E96A-15E8-436A-8129-65314EC841CC}.Release|Any CPU.ActiveCfg = Release|Any CPU
		{3CC6E96A-15E8-436A-8129-65314EC841CC}.Release|Any CPU.Build.0 = Release|Any CPU
		{3CC6E96A-15E8-436A-8129-65314EC841CC}.Release|x64.ActiveCfg = Release|Any CPU
		{3CC6E96A-15E8-436A-8129-65314EC841CC}.Release|x64.Build.0 = Release|Any CPU
		{3CC6E96A-15E8-436A-8129-65314EC841CC}.Release|x86.ActiveCfg = Release|Any CPU
		{3CC6E96A-15E8-436A-8129-65314EC841CC}.Release|x86.Build.0 = Release|Any CPU
		{B8031E98-C8B2-46A5-8A7D-FAE523CAFC36}.Debug|Any CPU.ActiveCfg = Debug|Any CPU
		{B8031E98-C8B2-46A5-8A7D-FAE523CAFC36}.Debug|Any CPU.Build.0 = Debug|Any CPU
		{B8031E98-C8B2-46A5-8A7D-FAE523CAFC36}.Debug|x64.ActiveCfg = Debug|Any CPU
		{B8031E98-C8B2-46A5-8A7D-FAE523CAFC36}.Debug|x64.Build.0 = Debug|Any CPU
		{B8031E98-C8B2-46A5-8A7D-FAE523CAFC36}.Debug|x86.ActiveCfg = Debug|Any CPU
		{B8031E98-C8B2-46A5-8A7D-FAE523CAFC36}.Debug|x86.Build.0 = Debug|Any CPU
		{B8031E98-C8B2-46A5-8A7D-FAE523CAFC36}.Release|Any CPU.ActiveCfg = Release|Any CPU
		{B8031E98-C8B2-46A5-8A7D-FAE523CAFC36}.Release|Any CPU.Build.0 = Release|Any CPU
		{B8031E98-C8B2-46A5-8A7D-FAE523CAFC36}.Release|x64.ActiveCfg = Release|Any CPU
		{B8031E98-C8B2-46A5-8A7D-FAE523CAFC36}.Release|x64.Build.0 = Release|Any CPU
		{B8031E98-C8B2-46A5-8A7D-FAE523CAFC36}.Release|x86.ActiveCfg = Release|Any CPU
		{B8031E98-C8B2-46A5-8A7D-FAE523CAFC36}.Release|x86.Build.0 = Release|Any CPU
		{E5C6F93A-799C-46E5-BB55-CB3B42D7E41D}.Debug|Any CPU.ActiveCfg = Debug|Any CPU
		{E5C6F93A-799C-46E5-BB55-CB3B42D7E41D}.Debug|Any CPU.Build.0 = Debug|Any CPU
		{E5C6F93A-799C-46E5-BB55-CB3B42D7E41D}.Debug|x64.ActiveCfg = Debug|Any CPU
		{E5C6F93A-799C-46E5-BB55-CB3B42D7E41D}.Debug|x64.Build.0 = Debug|Any CPU
		{E5C6F93A-799C-46E5-BB55-CB3B42D7E41D}.Debug|x86.ActiveCfg = Debug|Any CPU
		{E5C6F93A-799C-46E5-BB55-CB3B42D7E41D}.Debug|x86.Build.0 = Debug|Any CPU
		{E5C6F93A-799C-46E5-BB55-CB3B42D7E41D}.Release|Any CPU.ActiveCfg = Release|Any CPU
		{E5C6F93A-799C-46E5-BB55-CB3B42D7E41D}.Release|Any CPU.Build.0 = Release|Any CPU
		{E5C6F93A-799C-46E5-BB55-CB3B42D7E41D}.Release|x64.ActiveCfg = Release|Any CPU
		{E5C6F93A-799C-46E5-BB55-CB3B42D7E41D}.Release|x64.Build.0 = Release|Any CPU
		{E5C6F93A-799C-46E5-BB55-CB3B42D7E41D}.Release|x86.ActiveCfg = Release|Any CPU
		{E5C6F93A-799C-46E5-BB55-CB3B42D7E41D}.Release|x86.Build.0 = Release|Any CPU
		{DDCBC1FD-2B31-43D7-9FB0-423723B3B663}.Debug|Any CPU.ActiveCfg = Debug|Any CPU
		{DDCBC1FD-2B31-43D7-9FB0-423723B3B663}.Debug|Any CPU.Build.0 = Debug|Any CPU
		{DDCBC1FD-2B31-43D7-9FB0-423723B3B663}.Debug|x64.ActiveCfg = Debug|Any CPU
		{DDCBC1FD-2B31-43D7-9FB0-423723B3B663}.Debug|x64.Build.0 = Debug|Any CPU
		{DDCBC1FD-2B31-43D7-9FB0-423723B3B663}.Debug|x86.ActiveCfg = Debug|Any CPU
		{DDCBC1FD-2B31-43D7-9FB0-423723B3B663}.Debug|x86.Build.0 = Debug|Any CPU
		{DDCBC1FD-2B31-43D7-9FB0-423723B3B663}.Release|Any CPU.ActiveCfg = Release|Any CPU
		{DDCBC1FD-2B31-43D7-9FB0-423723B3B663}.Release|Any CPU.Build.0 = Release|Any CPU
		{DDCBC1FD-2B31-43D7-9FB0-423723B3B663}.Release|x64.ActiveCfg = Release|Any CPU
		{DDCBC1FD-2B31-43D7-9FB0-423723B3B663}.Release|x64.Build.0 = Release|Any CPU
		{DDCBC1FD-2B31-43D7-9FB0-423723B3B663}.Release|x86.ActiveCfg = Release|Any CPU
		{DDCBC1FD-2B31-43D7-9FB0-423723B3B663}.Release|x86.Build.0 = Release|Any CPU
		{CF3BCE21-F9DE-49AC-9AB0-B2A1E89B0A19}.Debug|Any CPU.ActiveCfg = Debug|Any CPU
		{CF3BCE21-F9DE-49AC-9AB0-B2A1E89B0A19}.Debug|Any CPU.Build.0 = Debug|Any CPU
		{CF3BCE21-F9DE-49AC-9AB0-B2A1E89B0A19}.Debug|x64.ActiveCfg = Debug|Any CPU
		{CF3BCE21-F9DE-49AC-9AB0-B2A1E89B0A19}.Debug|x64.Build.0 = Debug|Any CPU
		{CF3BCE21-F9DE-49AC-9AB0-B2A1E89B0A19}.Debug|x86.ActiveCfg = Debug|Any CPU
		{CF3BCE21-F9DE-49AC-9AB0-B2A1E89B0A19}.Debug|x86.Build.0 = Debug|Any CPU
		{CF3BCE21-F9DE-49AC-9AB0-B2A1E89B0A19}.Release|Any CPU.ActiveCfg = Release|Any CPU
		{CF3BCE21-F9DE-49AC-9AB0-B2A1E89B0A19}.Release|Any CPU.Build.0 = Release|Any CPU
		{CF3BCE21-F9DE-49AC-9AB0-B2A1E89B0A19}.Release|x64.ActiveCfg = Release|Any CPU
		{CF3BCE21-F9DE-49AC-9AB0-B2A1E89B0A19}.Release|x64.Build.0 = Release|Any CPU
		{CF3BCE21-F9DE-49AC-9AB0-B2A1E89B0A19}.Release|x86.ActiveCfg = Release|Any CPU
		{CF3BCE21-F9DE-49AC-9AB0-B2A1E89B0A19}.Release|x86.Build.0 = Release|Any CPU
		{214B6BBB-277A-4293-BDEE-9DA20759FD96}.Debug|Any CPU.ActiveCfg = Debug|Any CPU
		{214B6BBB-277A-4293-BDEE-9DA20759FD96}.Debug|Any CPU.Build.0 = Debug|Any CPU
		{214B6BBB-277A-4293-BDEE-9DA20759FD96}.Debug|x64.ActiveCfg = Debug|Any CPU
		{214B6BBB-277A-4293-BDEE-9DA20759FD96}.Debug|x64.Build.0 = Debug|Any CPU
		{214B6BBB-277A-4293-BDEE-9DA20759FD96}.Debug|x86.ActiveCfg = Debug|Any CPU
		{214B6BBB-277A-4293-BDEE-9DA20759FD96}.Debug|x86.Build.0 = Debug|Any CPU
		{214B6BBB-277A-4293-BDEE-9DA20759FD96}.Release|Any CPU.ActiveCfg = Release|Any CPU
		{214B6BBB-277A-4293-BDEE-9DA20759FD96}.Release|Any CPU.Build.0 = Release|Any CPU
		{214B6BBB-277A-4293-BDEE-9DA20759FD96}.Release|x64.ActiveCfg = Release|Any CPU
		{214B6BBB-277A-4293-BDEE-9DA20759FD96}.Release|x64.Build.0 = Release|Any CPU
		{214B6BBB-277A-4293-BDEE-9DA20759FD96}.Release|x86.ActiveCfg = Release|Any CPU
		{214B6BBB-277A-4293-BDEE-9DA20759FD96}.Release|x86.Build.0 = Release|Any CPU
		{B11F477F-1420-4DFA-A436-0025AE22125B}.Debug|Any CPU.ActiveCfg = Debug|Any CPU
		{B11F477F-1420-4DFA-A436-0025AE22125B}.Debug|Any CPU.Build.0 = Debug|Any CPU
		{B11F477F-1420-4DFA-A436-0025AE22125B}.Debug|x64.ActiveCfg = Debug|Any CPU
		{B11F477F-1420-4DFA-A436-0025AE22125B}.Debug|x64.Build.0 = Debug|Any CPU
		{B11F477F-1420-4DFA-A436-0025AE22125B}.Debug|x86.ActiveCfg = Debug|Any CPU
		{B11F477F-1420-4DFA-A436-0025AE22125B}.Debug|x86.Build.0 = Debug|Any CPU
		{B11F477F-1420-4DFA-A436-0025AE22125B}.Release|Any CPU.ActiveCfg = Release|Any CPU
		{B11F477F-1420-4DFA-A436-0025AE22125B}.Release|Any CPU.Build.0 = Release|Any CPU
		{B11F477F-1420-4DFA-A436-0025AE22125B}.Release|x64.ActiveCfg = Release|Any CPU
		{B11F477F-1420-4DFA-A436-0025AE22125B}.Release|x64.Build.0 = Release|Any CPU
		{B11F477F-1420-4DFA-A436-0025AE22125B}.Release|x86.ActiveCfg = Release|Any CPU
		{B11F477F-1420-4DFA-A436-0025AE22125B}.Release|x86.Build.0 = Release|Any CPU
		{FD748C3A-40A0-46FF-BBA8-DF1F06D79DCF}.Debug|Any CPU.ActiveCfg = Debug|Any CPU
		{FD748C3A-40A0-46FF-BBA8-DF1F06D79DCF}.Debug|Any CPU.Build.0 = Debug|Any CPU
		{FD748C3A-40A0-46FF-BBA8-DF1F06D79DCF}.Debug|x64.ActiveCfg = Debug|Any CPU
		{FD748C3A-40A0-46FF-BBA8-DF1F06D79DCF}.Debug|x64.Build.0 = Debug|Any CPU
		{FD748C3A-40A0-46FF-BBA8-DF1F06D79DCF}.Debug|x86.ActiveCfg = Debug|Any CPU
		{FD748C3A-40A0-46FF-BBA8-DF1F06D79DCF}.Debug|x86.Build.0 = Debug|Any CPU
		{FD748C3A-40A0-46FF-BBA8-DF1F06D79DCF}.Release|Any CPU.ActiveCfg = Release|Any CPU
		{FD748C3A-40A0-46FF-BBA8-DF1F06D79DCF}.Release|Any CPU.Build.0 = Release|Any CPU
		{FD748C3A-40A0-46FF-BBA8-DF1F06D79DCF}.Release|x64.ActiveCfg = Release|Any CPU
		{FD748C3A-40A0-46FF-BBA8-DF1F06D79DCF}.Release|x64.Build.0 = Release|Any CPU
		{FD748C3A-40A0-46FF-BBA8-DF1F06D79DCF}.Release|x86.ActiveCfg = Release|Any CPU
		{FD748C3A-40A0-46FF-BBA8-DF1F06D79DCF}.Release|x86.Build.0 = Release|Any CPU
		{120DF0D1-1CD5-4A67-8CE8-3C3E590AF8F6}.Debug|Any CPU.ActiveCfg = Debug|Any CPU
		{120DF0D1-1CD5-4A67-8CE8-3C3E590AF8F6}.Debug|Any CPU.Build.0 = Debug|Any CPU
		{120DF0D1-1CD5-4A67-8CE8-3C3E590AF8F6}.Debug|x64.ActiveCfg = Debug|Any CPU
		{120DF0D1-1CD5-4A67-8CE8-3C3E590AF8F6}.Debug|x64.Build.0 = Debug|Any CPU
		{120DF0D1-1CD5-4A67-8CE8-3C3E590AF8F6}.Debug|x86.ActiveCfg = Debug|Any CPU
		{120DF0D1-1CD5-4A67-8CE8-3C3E590AF8F6}.Debug|x86.Build.0 = Debug|Any CPU
		{120DF0D1-1CD5-4A67-8CE8-3C3E590AF8F6}.Release|Any CPU.ActiveCfg = Release|Any CPU
		{120DF0D1-1CD5-4A67-8CE8-3C3E590AF8F6}.Release|Any CPU.Build.0 = Release|Any CPU
		{120DF0D1-1CD5-4A67-8CE8-3C3E590AF8F6}.Release|x64.ActiveCfg = Release|Any CPU
		{120DF0D1-1CD5-4A67-8CE8-3C3E590AF8F6}.Release|x64.Build.0 = Release|Any CPU
		{120DF0D1-1CD5-4A67-8CE8-3C3E590AF8F6}.Release|x86.ActiveCfg = Release|Any CPU
		{120DF0D1-1CD5-4A67-8CE8-3C3E590AF8F6}.Release|x86.Build.0 = Release|Any CPU
		{35BD3BD0-C162-43F7-A217-053C487B2B58}.Debug|Any CPU.ActiveCfg = Debug|Any CPU
		{35BD3BD0-C162-43F7-A217-053C487B2B58}.Debug|Any CPU.Build.0 = Debug|Any CPU
		{35BD3BD0-C162-43F7-A217-053C487B2B58}.Debug|x64.ActiveCfg = Debug|Any CPU
		{35BD3BD0-C162-43F7-A217-053C487B2B58}.Debug|x64.Build.0 = Debug|Any CPU
		{35BD3BD0-C162-43F7-A217-053C487B2B58}.Debug|x86.ActiveCfg = Debug|Any CPU
		{35BD3BD0-C162-43F7-A217-053C487B2B58}.Debug|x86.Build.0 = Debug|Any CPU
		{35BD3BD0-C162-43F7-A217-053C487B2B58}.Release|Any CPU.ActiveCfg = Release|Any CPU
		{35BD3BD0-C162-43F7-A217-053C487B2B58}.Release|Any CPU.Build.0 = Release|Any CPU
		{35BD3BD0-C162-43F7-A217-053C487B2B58}.Release|x64.ActiveCfg = Release|Any CPU
		{35BD3BD0-C162-43F7-A217-053C487B2B58}.Release|x64.Build.0 = Release|Any CPU
		{35BD3BD0-C162-43F7-A217-053C487B2B58}.Release|x86.ActiveCfg = Release|Any CPU
		{35BD3BD0-C162-43F7-A217-053C487B2B58}.Release|x86.Build.0 = Release|Any CPU
		{26AA0898-5279-40C9-8B4D-B369EBBFD713}.Debug|Any CPU.ActiveCfg = Debug|Any CPU
		{26AA0898-5279-40C9-8B4D-B369EBBFD713}.Debug|Any CPU.Build.0 = Debug|Any CPU
		{26AA0898-5279-40C9-8B4D-B369EBBFD713}.Debug|x64.ActiveCfg = Debug|Any CPU
		{26AA0898-5279-40C9-8B4D-B369EBBFD713}.Debug|x64.Build.0 = Debug|Any CPU
		{26AA0898-5279-40C9-8B4D-B369EBBFD713}.Debug|x86.ActiveCfg = Debug|Any CPU
		{26AA0898-5279-40C9-8B4D-B369EBBFD713}.Debug|x86.Build.0 = Debug|Any CPU
		{26AA0898-5279-40C9-8B4D-B369EBBFD713}.Release|Any CPU.ActiveCfg = Release|Any CPU
		{26AA0898-5279-40C9-8B4D-B369EBBFD713}.Release|Any CPU.Build.0 = Release|Any CPU
		{26AA0898-5279-40C9-8B4D-B369EBBFD713}.Release|x64.ActiveCfg = Release|Any CPU
		{26AA0898-5279-40C9-8B4D-B369EBBFD713}.Release|x64.Build.0 = Release|Any CPU
		{26AA0898-5279-40C9-8B4D-B369EBBFD713}.Release|x86.ActiveCfg = Release|Any CPU
		{26AA0898-5279-40C9-8B4D-B369EBBFD713}.Release|x86.Build.0 = Release|Any CPU
		{7587D992-E0FB-4E44-9D85-81E23A888243}.Debug|Any CPU.ActiveCfg = Debug|Any CPU
		{7587D992-E0FB-4E44-9D85-81E23A888243}.Debug|Any CPU.Build.0 = Debug|Any CPU
		{7587D992-E0FB-4E44-9D85-81E23A888243}.Debug|x64.ActiveCfg = Debug|Any CPU
		{7587D992-E0FB-4E44-9D85-81E23A888243}.Debug|x64.Build.0 = Debug|Any CPU
		{7587D992-E0FB-4E44-9D85-81E23A888243}.Debug|x86.ActiveCfg = Debug|Any CPU
		{7587D992-E0FB-4E44-9D85-81E23A888243}.Debug|x86.Build.0 = Debug|Any CPU
		{7587D992-E0FB-4E44-9D85-81E23A888243}.Release|Any CPU.ActiveCfg = Release|Any CPU
		{7587D992-E0FB-4E44-9D85-81E23A888243}.Release|Any CPU.Build.0 = Release|Any CPU
		{7587D992-E0FB-4E44-9D85-81E23A888243}.Release|x64.ActiveCfg = Release|Any CPU
		{7587D992-E0FB-4E44-9D85-81E23A888243}.Release|x64.Build.0 = Release|Any CPU
		{7587D992-E0FB-4E44-9D85-81E23A888243}.Release|x86.ActiveCfg = Release|Any CPU
		{7587D992-E0FB-4E44-9D85-81E23A888243}.Release|x86.Build.0 = Release|Any CPU
		{2A29998D-FDC0-47A1-8F59-5545A1D7FE53}.Debug|Any CPU.ActiveCfg = Debug|Any CPU
		{2A29998D-FDC0-47A1-8F59-5545A1D7FE53}.Debug|Any CPU.Build.0 = Debug|Any CPU
		{2A29998D-FDC0-47A1-8F59-5545A1D7FE53}.Debug|x64.ActiveCfg = Debug|Any CPU
		{2A29998D-FDC0-47A1-8F59-5545A1D7FE53}.Debug|x64.Build.0 = Debug|Any CPU
		{2A29998D-FDC0-47A1-8F59-5545A1D7FE53}.Debug|x86.ActiveCfg = Debug|Any CPU
		{2A29998D-FDC0-47A1-8F59-5545A1D7FE53}.Debug|x86.Build.0 = Debug|Any CPU
		{2A29998D-FDC0-47A1-8F59-5545A1D7FE53}.Release|Any CPU.ActiveCfg = Release|Any CPU
		{2A29998D-FDC0-47A1-8F59-5545A1D7FE53}.Release|Any CPU.Build.0 = Release|Any CPU
		{2A29998D-FDC0-47A1-8F59-5545A1D7FE53}.Release|x64.ActiveCfg = Release|Any CPU
		{2A29998D-FDC0-47A1-8F59-5545A1D7FE53}.Release|x64.Build.0 = Release|Any CPU
		{2A29998D-FDC0-47A1-8F59-5545A1D7FE53}.Release|x86.ActiveCfg = Release|Any CPU
		{2A29998D-FDC0-47A1-8F59-5545A1D7FE53}.Release|x86.Build.0 = Release|Any CPU
		{7B6FB00B-E6AF-4583-AD50-C817322A0C98}.Debug|Any CPU.ActiveCfg = Debug|Any CPU
		{7B6FB00B-E6AF-4583-AD50-C817322A0C98}.Debug|Any CPU.Build.0 = Debug|Any CPU
		{7B6FB00B-E6AF-4583-AD50-C817322A0C98}.Debug|x64.ActiveCfg = Debug|Any CPU
		{7B6FB00B-E6AF-4583-AD50-C817322A0C98}.Debug|x64.Build.0 = Debug|Any CPU
		{7B6FB00B-E6AF-4583-AD50-C817322A0C98}.Debug|x86.ActiveCfg = Debug|Any CPU
		{7B6FB00B-E6AF-4583-AD50-C817322A0C98}.Debug|x86.Build.0 = Debug|Any CPU
		{7B6FB00B-E6AF-4583-AD50-C817322A0C98}.Release|Any CPU.ActiveCfg = Release|Any CPU
		{7B6FB00B-E6AF-4583-AD50-C817322A0C98}.Release|Any CPU.Build.0 = Release|Any CPU
		{7B6FB00B-E6AF-4583-AD50-C817322A0C98}.Release|x64.ActiveCfg = Release|Any CPU
		{7B6FB00B-E6AF-4583-AD50-C817322A0C98}.Release|x64.Build.0 = Release|Any CPU
		{7B6FB00B-E6AF-4583-AD50-C817322A0C98}.Release|x86.ActiveCfg = Release|Any CPU
		{7B6FB00B-E6AF-4583-AD50-C817322A0C98}.Release|x86.Build.0 = Release|Any CPU
		{112A64BF-389C-460D-980C-F9AAF149C853}.Debug|Any CPU.ActiveCfg = Debug|Any CPU
		{112A64BF-389C-460D-980C-F9AAF149C853}.Debug|Any CPU.Build.0 = Debug|Any CPU
		{112A64BF-389C-460D-980C-F9AAF149C853}.Debug|x64.ActiveCfg = Debug|Any CPU
		{112A64BF-389C-460D-980C-F9AAF149C853}.Debug|x64.Build.0 = Debug|Any CPU
		{112A64BF-389C-460D-980C-F9AAF149C853}.Debug|x86.ActiveCfg = Debug|Any CPU
		{112A64BF-389C-460D-980C-F9AAF149C853}.Debug|x86.Build.0 = Debug|Any CPU
		{112A64BF-389C-460D-980C-F9AAF149C853}.Release|Any CPU.ActiveCfg = Release|Any CPU
		{112A64BF-389C-460D-980C-F9AAF149C853}.Release|Any CPU.Build.0 = Release|Any CPU
		{112A64BF-389C-460D-980C-F9AAF149C853}.Release|x64.ActiveCfg = Release|Any CPU
		{112A64BF-389C-460D-980C-F9AAF149C853}.Release|x64.Build.0 = Release|Any CPU
		{112A64BF-389C-460D-980C-F9AAF149C853}.Release|x86.ActiveCfg = Release|Any CPU
		{112A64BF-389C-460D-980C-F9AAF149C853}.Release|x86.Build.0 = Release|Any CPU
		{AEFD7972-BCC3-43CE-9A6A-CF7DAA386F3E}.Debug|Any CPU.ActiveCfg = Debug|Any CPU
		{AEFD7972-BCC3-43CE-9A6A-CF7DAA386F3E}.Debug|Any CPU.Build.0 = Debug|Any CPU
		{AEFD7972-BCC3-43CE-9A6A-CF7DAA386F3E}.Debug|x64.ActiveCfg = Debug|Any CPU
		{AEFD7972-BCC3-43CE-9A6A-CF7DAA386F3E}.Debug|x64.Build.0 = Debug|Any CPU
		{AEFD7972-BCC3-43CE-9A6A-CF7DAA386F3E}.Debug|x86.ActiveCfg = Debug|Any CPU
		{AEFD7972-BCC3-43CE-9A6A-CF7DAA386F3E}.Debug|x86.Build.0 = Debug|Any CPU
		{AEFD7972-BCC3-43CE-9A6A-CF7DAA386F3E}.Release|Any CPU.ActiveCfg = Release|Any CPU
		{AEFD7972-BCC3-43CE-9A6A-CF7DAA386F3E}.Release|Any CPU.Build.0 = Release|Any CPU
		{AEFD7972-BCC3-43CE-9A6A-CF7DAA386F3E}.Release|x64.ActiveCfg = Release|Any CPU
		{AEFD7972-BCC3-43CE-9A6A-CF7DAA386F3E}.Release|x64.Build.0 = Release|Any CPU
		{AEFD7972-BCC3-43CE-9A6A-CF7DAA386F3E}.Release|x86.ActiveCfg = Release|Any CPU
		{AEFD7972-BCC3-43CE-9A6A-CF7DAA386F3E}.Release|x86.Build.0 = Release|Any CPU
		{66F8C849-A7DF-4150-AD12-BAB412336A4F}.Debug|Any CPU.ActiveCfg = Debug|Any CPU
		{66F8C849-A7DF-4150-AD12-BAB412336A4F}.Debug|Any CPU.Build.0 = Debug|Any CPU
		{66F8C849-A7DF-4150-AD12-BAB412336A4F}.Debug|x64.ActiveCfg = Debug|Any CPU
		{66F8C849-A7DF-4150-AD12-BAB412336A4F}.Debug|x64.Build.0 = Debug|Any CPU
		{66F8C849-A7DF-4150-AD12-BAB412336A4F}.Debug|x86.ActiveCfg = Debug|Any CPU
		{66F8C849-A7DF-4150-AD12-BAB412336A4F}.Debug|x86.Build.0 = Debug|Any CPU
		{66F8C849-A7DF-4150-AD12-BAB412336A4F}.Release|Any CPU.ActiveCfg = Release|Any CPU
		{66F8C849-A7DF-4150-AD12-BAB412336A4F}.Release|Any CPU.Build.0 = Release|Any CPU
		{66F8C849-A7DF-4150-AD12-BAB412336A4F}.Release|x64.ActiveCfg = Release|Any CPU
		{66F8C849-A7DF-4150-AD12-BAB412336A4F}.Release|x64.Build.0 = Release|Any CPU
		{66F8C849-A7DF-4150-AD12-BAB412336A4F}.Release|x86.ActiveCfg = Release|Any CPU
		{66F8C849-A7DF-4150-AD12-BAB412336A4F}.Release|x86.Build.0 = Release|Any CPU
		{28DECBB6-B508-4F8F-8BF2-B9FF4EAA2B18}.Debug|Any CPU.ActiveCfg = Debug|Any CPU
		{28DECBB6-B508-4F8F-8BF2-B9FF4EAA2B18}.Debug|Any CPU.Build.0 = Debug|Any CPU
		{28DECBB6-B508-4F8F-8BF2-B9FF4EAA2B18}.Debug|x64.ActiveCfg = Debug|Any CPU
		{28DECBB6-B508-4F8F-8BF2-B9FF4EAA2B18}.Debug|x64.Build.0 = Debug|Any CPU
		{28DECBB6-B508-4F8F-8BF2-B9FF4EAA2B18}.Debug|x86.ActiveCfg = Debug|Any CPU
		{28DECBB6-B508-4F8F-8BF2-B9FF4EAA2B18}.Debug|x86.Build.0 = Debug|Any CPU
		{28DECBB6-B508-4F8F-8BF2-B9FF4EAA2B18}.Release|Any CPU.ActiveCfg = Release|Any CPU
		{28DECBB6-B508-4F8F-8BF2-B9FF4EAA2B18}.Release|Any CPU.Build.0 = Release|Any CPU
		{28DECBB6-B508-4F8F-8BF2-B9FF4EAA2B18}.Release|x64.ActiveCfg = Release|Any CPU
		{28DECBB6-B508-4F8F-8BF2-B9FF4EAA2B18}.Release|x64.Build.0 = Release|Any CPU
		{28DECBB6-B508-4F8F-8BF2-B9FF4EAA2B18}.Release|x86.ActiveCfg = Release|Any CPU
		{28DECBB6-B508-4F8F-8BF2-B9FF4EAA2B18}.Release|x86.Build.0 = Release|Any CPU
		{D9FFDAB7-CEE0-4112-A6D1-AB2E29420E1A}.Debug|Any CPU.ActiveCfg = Debug|Any CPU
		{D9FFDAB7-CEE0-4112-A6D1-AB2E29420E1A}.Debug|Any CPU.Build.0 = Debug|Any CPU
		{D9FFDAB7-CEE0-4112-A6D1-AB2E29420E1A}.Debug|x64.ActiveCfg = Debug|Any CPU
		{D9FFDAB7-CEE0-4112-A6D1-AB2E29420E1A}.Debug|x64.Build.0 = Debug|Any CPU
		{D9FFDAB7-CEE0-4112-A6D1-AB2E29420E1A}.Debug|x86.ActiveCfg = Debug|Any CPU
		{D9FFDAB7-CEE0-4112-A6D1-AB2E29420E1A}.Debug|x86.Build.0 = Debug|Any CPU
		{D9FFDAB7-CEE0-4112-A6D1-AB2E29420E1A}.Release|Any CPU.ActiveCfg = Release|Any CPU
		{D9FFDAB7-CEE0-4112-A6D1-AB2E29420E1A}.Release|Any CPU.Build.0 = Release|Any CPU
		{D9FFDAB7-CEE0-4112-A6D1-AB2E29420E1A}.Release|x64.ActiveCfg = Release|Any CPU
		{D9FFDAB7-CEE0-4112-A6D1-AB2E29420E1A}.Release|x64.Build.0 = Release|Any CPU
		{D9FFDAB7-CEE0-4112-A6D1-AB2E29420E1A}.Release|x86.ActiveCfg = Release|Any CPU
		{D9FFDAB7-CEE0-4112-A6D1-AB2E29420E1A}.Release|x86.Build.0 = Release|Any CPU
		{5B818C2C-F159-4C0F-A7AB-AE82F4F2CB2B}.Debug|Any CPU.ActiveCfg = Debug|Any CPU
		{5B818C2C-F159-4C0F-A7AB-AE82F4F2CB2B}.Debug|Any CPU.Build.0 = Debug|Any CPU
		{5B818C2C-F159-4C0F-A7AB-AE82F4F2CB2B}.Debug|x64.ActiveCfg = Debug|Any CPU
		{5B818C2C-F159-4C0F-A7AB-AE82F4F2CB2B}.Debug|x64.Build.0 = Debug|Any CPU
		{5B818C2C-F159-4C0F-A7AB-AE82F4F2CB2B}.Debug|x86.ActiveCfg = Debug|Any CPU
		{5B818C2C-F159-4C0F-A7AB-AE82F4F2CB2B}.Debug|x86.Build.0 = Debug|Any CPU
		{5B818C2C-F159-4C0F-A7AB-AE82F4F2CB2B}.Release|Any CPU.ActiveCfg = Release|Any CPU
		{5B818C2C-F159-4C0F-A7AB-AE82F4F2CB2B}.Release|Any CPU.Build.0 = Release|Any CPU
		{5B818C2C-F159-4C0F-A7AB-AE82F4F2CB2B}.Release|x64.ActiveCfg = Release|Any CPU
		{5B818C2C-F159-4C0F-A7AB-AE82F4F2CB2B}.Release|x64.Build.0 = Release|Any CPU
		{5B818C2C-F159-4C0F-A7AB-AE82F4F2CB2B}.Release|x86.ActiveCfg = Release|Any CPU
		{5B818C2C-F159-4C0F-A7AB-AE82F4F2CB2B}.Release|x86.Build.0 = Release|Any CPU
		{44204A92-5CB2-417D-A6B9-4B5B70EB6296}.Debug|Any CPU.ActiveCfg = Debug|Any CPU
		{44204A92-5CB2-417D-A6B9-4B5B70EB6296}.Debug|Any CPU.Build.0 = Debug|Any CPU
		{44204A92-5CB2-417D-A6B9-4B5B70EB6296}.Debug|x64.ActiveCfg = Debug|Any CPU
		{44204A92-5CB2-417D-A6B9-4B5B70EB6296}.Debug|x64.Build.0 = Debug|Any CPU
		{44204A92-5CB2-417D-A6B9-4B5B70EB6296}.Debug|x86.ActiveCfg = Debug|Any CPU
		{44204A92-5CB2-417D-A6B9-4B5B70EB6296}.Debug|x86.Build.0 = Debug|Any CPU
		{44204A92-5CB2-417D-A6B9-4B5B70EB6296}.Release|Any CPU.ActiveCfg = Release|Any CPU
		{44204A92-5CB2-417D-A6B9-4B5B70EB6296}.Release|Any CPU.Build.0 = Release|Any CPU
		{44204A92-5CB2-417D-A6B9-4B5B70EB6296}.Release|x64.ActiveCfg = Release|Any CPU
		{44204A92-5CB2-417D-A6B9-4B5B70EB6296}.Release|x64.Build.0 = Release|Any CPU
		{44204A92-5CB2-417D-A6B9-4B5B70EB6296}.Release|x86.ActiveCfg = Release|Any CPU
		{44204A92-5CB2-417D-A6B9-4B5B70EB6296}.Release|x86.Build.0 = Release|Any CPU
		{9C7BB0B8-CFD4-41A9-A332-A597D865069B}.Debug|Any CPU.ActiveCfg = Debug|Any CPU
		{9C7BB0B8-CFD4-41A9-A332-A597D865069B}.Debug|Any CPU.Build.0 = Debug|Any CPU
		{9C7BB0B8-CFD4-41A9-A332-A597D865069B}.Debug|x64.ActiveCfg = Debug|Any CPU
		{9C7BB0B8-CFD4-41A9-A332-A597D865069B}.Debug|x64.Build.0 = Debug|Any CPU
		{9C7BB0B8-CFD4-41A9-A332-A597D865069B}.Debug|x86.ActiveCfg = Debug|Any CPU
		{9C7BB0B8-CFD4-41A9-A332-A597D865069B}.Debug|x86.Build.0 = Debug|Any CPU
		{9C7BB0B8-CFD4-41A9-A332-A597D865069B}.Release|Any CPU.ActiveCfg = Release|Any CPU
		{9C7BB0B8-CFD4-41A9-A332-A597D865069B}.Release|Any CPU.Build.0 = Release|Any CPU
		{9C7BB0B8-CFD4-41A9-A332-A597D865069B}.Release|x64.ActiveCfg = Release|Any CPU
		{9C7BB0B8-CFD4-41A9-A332-A597D865069B}.Release|x64.Build.0 = Release|Any CPU
		{9C7BB0B8-CFD4-41A9-A332-A597D865069B}.Release|x86.ActiveCfg = Release|Any CPU
		{9C7BB0B8-CFD4-41A9-A332-A597D865069B}.Release|x86.Build.0 = Release|Any CPU
		{BF7B5211-0F27-43D7-B7AF-3E0D02AD87EF}.Debug|Any CPU.ActiveCfg = Debug|Any CPU
		{BF7B5211-0F27-43D7-B7AF-3E0D02AD87EF}.Debug|Any CPU.Build.0 = Debug|Any CPU
		{BF7B5211-0F27-43D7-B7AF-3E0D02AD87EF}.Debug|x64.ActiveCfg = Debug|Any CPU
		{BF7B5211-0F27-43D7-B7AF-3E0D02AD87EF}.Debug|x64.Build.0 = Debug|Any CPU
		{BF7B5211-0F27-43D7-B7AF-3E0D02AD87EF}.Debug|x86.ActiveCfg = Debug|Any CPU
		{BF7B5211-0F27-43D7-B7AF-3E0D02AD87EF}.Debug|x86.Build.0 = Debug|Any CPU
		{BF7B5211-0F27-43D7-B7AF-3E0D02AD87EF}.Release|Any CPU.ActiveCfg = Release|Any CPU
		{BF7B5211-0F27-43D7-B7AF-3E0D02AD87EF}.Release|Any CPU.Build.0 = Release|Any CPU
		{BF7B5211-0F27-43D7-B7AF-3E0D02AD87EF}.Release|x64.ActiveCfg = Release|Any CPU
		{BF7B5211-0F27-43D7-B7AF-3E0D02AD87EF}.Release|x64.Build.0 = Release|Any CPU
		{BF7B5211-0F27-43D7-B7AF-3E0D02AD87EF}.Release|x86.ActiveCfg = Release|Any CPU
		{BF7B5211-0F27-43D7-B7AF-3E0D02AD87EF}.Release|x86.Build.0 = Release|Any CPU
		{0B078EF3-BFE5-458E-B952-2D4183272D41}.Debug|Any CPU.ActiveCfg = Debug|Any CPU
		{0B078EF3-BFE5-458E-B952-2D4183272D41}.Debug|Any CPU.Build.0 = Debug|Any CPU
		{0B078EF3-BFE5-458E-B952-2D4183272D41}.Debug|x64.ActiveCfg = Debug|Any CPU
		{0B078EF3-BFE5-458E-B952-2D4183272D41}.Debug|x64.Build.0 = Debug|Any CPU
		{0B078EF3-BFE5-458E-B952-2D4183272D41}.Debug|x86.ActiveCfg = Debug|Any CPU
		{0B078EF3-BFE5-458E-B952-2D4183272D41}.Debug|x86.Build.0 = Debug|Any CPU
		{0B078EF3-BFE5-458E-B952-2D4183272D41}.Release|Any CPU.ActiveCfg = Release|Any CPU
		{0B078EF3-BFE5-458E-B952-2D4183272D41}.Release|Any CPU.Build.0 = Release|Any CPU
		{0B078EF3-BFE5-458E-B952-2D4183272D41}.Release|x64.ActiveCfg = Release|Any CPU
		{0B078EF3-BFE5-458E-B952-2D4183272D41}.Release|x64.Build.0 = Release|Any CPU
		{0B078EF3-BFE5-458E-B952-2D4183272D41}.Release|x86.ActiveCfg = Release|Any CPU
		{0B078EF3-BFE5-458E-B952-2D4183272D41}.Release|x86.Build.0 = Release|Any CPU
		{D05265C5-A94E-43DB-9DED-76FFB35FB6BB}.Debug|Any CPU.ActiveCfg = Debug|Any CPU
		{D05265C5-A94E-43DB-9DED-76FFB35FB6BB}.Debug|Any CPU.Build.0 = Debug|Any CPU
		{D05265C5-A94E-43DB-9DED-76FFB35FB6BB}.Debug|x64.ActiveCfg = Debug|Any CPU
		{D05265C5-A94E-43DB-9DED-76FFB35FB6BB}.Debug|x64.Build.0 = Debug|Any CPU
		{D05265C5-A94E-43DB-9DED-76FFB35FB6BB}.Debug|x86.ActiveCfg = Debug|Any CPU
		{D05265C5-A94E-43DB-9DED-76FFB35FB6BB}.Debug|x86.Build.0 = Debug|Any CPU
		{D05265C5-A94E-43DB-9DED-76FFB35FB6BB}.Release|Any CPU.ActiveCfg = Release|Any CPU
		{D05265C5-A94E-43DB-9DED-76FFB35FB6BB}.Release|Any CPU.Build.0 = Release|Any CPU
		{D05265C5-A94E-43DB-9DED-76FFB35FB6BB}.Release|x64.ActiveCfg = Release|Any CPU
		{D05265C5-A94E-43DB-9DED-76FFB35FB6BB}.Release|x64.Build.0 = Release|Any CPU
		{D05265C5-A94E-43DB-9DED-76FFB35FB6BB}.Release|x86.ActiveCfg = Release|Any CPU
		{D05265C5-A94E-43DB-9DED-76FFB35FB6BB}.Release|x86.Build.0 = Release|Any CPU
		{99DCBF64-5998-4836-9479-2D0632FCD5AB}.Debug|Any CPU.ActiveCfg = Debug|Any CPU
		{99DCBF64-5998-4836-9479-2D0632FCD5AB}.Debug|Any CPU.Build.0 = Debug|Any CPU
		{99DCBF64-5998-4836-9479-2D0632FCD5AB}.Debug|x64.ActiveCfg = Debug|Any CPU
		{99DCBF64-5998-4836-9479-2D0632FCD5AB}.Debug|x64.Build.0 = Debug|Any CPU
		{99DCBF64-5998-4836-9479-2D0632FCD5AB}.Debug|x86.ActiveCfg = Debug|Any CPU
		{99DCBF64-5998-4836-9479-2D0632FCD5AB}.Debug|x86.Build.0 = Debug|Any CPU
		{99DCBF64-5998-4836-9479-2D0632FCD5AB}.Release|Any CPU.ActiveCfg = Release|Any CPU
		{99DCBF64-5998-4836-9479-2D0632FCD5AB}.Release|Any CPU.Build.0 = Release|Any CPU
		{99DCBF64-5998-4836-9479-2D0632FCD5AB}.Release|x64.ActiveCfg = Release|Any CPU
		{99DCBF64-5998-4836-9479-2D0632FCD5AB}.Release|x64.Build.0 = Release|Any CPU
		{99DCBF64-5998-4836-9479-2D0632FCD5AB}.Release|x86.ActiveCfg = Release|Any CPU
		{99DCBF64-5998-4836-9479-2D0632FCD5AB}.Release|x86.Build.0 = Release|Any CPU
		{2A9B3DD4-ABF1-4FD9-B782-95F74187ECDC}.Debug|Any CPU.ActiveCfg = Debug|Any CPU
		{2A9B3DD4-ABF1-4FD9-B782-95F74187ECDC}.Debug|Any CPU.Build.0 = Debug|Any CPU
		{2A9B3DD4-ABF1-4FD9-B782-95F74187ECDC}.Debug|x64.ActiveCfg = Debug|Any CPU
		{2A9B3DD4-ABF1-4FD9-B782-95F74187ECDC}.Debug|x64.Build.0 = Debug|Any CPU
		{2A9B3DD4-ABF1-4FD9-B782-95F74187ECDC}.Debug|x86.ActiveCfg = Debug|Any CPU
		{2A9B3DD4-ABF1-4FD9-B782-95F74187ECDC}.Debug|x86.Build.0 = Debug|Any CPU
		{2A9B3DD4-ABF1-4FD9-B782-95F74187ECDC}.Release|Any CPU.ActiveCfg = Release|Any CPU
		{2A9B3DD4-ABF1-4FD9-B782-95F74187ECDC}.Release|Any CPU.Build.0 = Release|Any CPU
		{2A9B3DD4-ABF1-4FD9-B782-95F74187ECDC}.Release|x64.ActiveCfg = Release|Any CPU
		{2A9B3DD4-ABF1-4FD9-B782-95F74187ECDC}.Release|x64.Build.0 = Release|Any CPU
		{2A9B3DD4-ABF1-4FD9-B782-95F74187ECDC}.Release|x86.ActiveCfg = Release|Any CPU
		{2A9B3DD4-ABF1-4FD9-B782-95F74187ECDC}.Release|x86.Build.0 = Release|Any CPU
		{A781E90D-43F3-457A-BAB1-52A1003D277B}.Debug|Any CPU.ActiveCfg = Debug|Any CPU
		{A781E90D-43F3-457A-BAB1-52A1003D277B}.Debug|Any CPU.Build.0 = Debug|Any CPU
		{A781E90D-43F3-457A-BAB1-52A1003D277B}.Debug|x64.ActiveCfg = Debug|Any CPU
		{A781E90D-43F3-457A-BAB1-52A1003D277B}.Debug|x64.Build.0 = Debug|Any CPU
		{A781E90D-43F3-457A-BAB1-52A1003D277B}.Debug|x86.ActiveCfg = Debug|Any CPU
		{A781E90D-43F3-457A-BAB1-52A1003D277B}.Debug|x86.Build.0 = Debug|Any CPU
		{A781E90D-43F3-457A-BAB1-52A1003D277B}.Release|Any CPU.ActiveCfg = Release|Any CPU
		{A781E90D-43F3-457A-BAB1-52A1003D277B}.Release|Any CPU.Build.0 = Release|Any CPU
		{A781E90D-43F3-457A-BAB1-52A1003D277B}.Release|x64.ActiveCfg = Release|Any CPU
		{A781E90D-43F3-457A-BAB1-52A1003D277B}.Release|x64.Build.0 = Release|Any CPU
		{A781E90D-43F3-457A-BAB1-52A1003D277B}.Release|x86.ActiveCfg = Release|Any CPU
		{A781E90D-43F3-457A-BAB1-52A1003D277B}.Release|x86.Build.0 = Release|Any CPU
		{636AEBE8-D090-4485-A05C-D4299511EDA6}.Debug|Any CPU.ActiveCfg = Debug|Any CPU
		{636AEBE8-D090-4485-A05C-D4299511EDA6}.Debug|Any CPU.Build.0 = Debug|Any CPU
		{636AEBE8-D090-4485-A05C-D4299511EDA6}.Debug|x64.ActiveCfg = Debug|Any CPU
		{636AEBE8-D090-4485-A05C-D4299511EDA6}.Debug|x64.Build.0 = Debug|Any CPU
		{636AEBE8-D090-4485-A05C-D4299511EDA6}.Debug|x86.ActiveCfg = Debug|Any CPU
		{636AEBE8-D090-4485-A05C-D4299511EDA6}.Debug|x86.Build.0 = Debug|Any CPU
		{636AEBE8-D090-4485-A05C-D4299511EDA6}.Release|Any CPU.ActiveCfg = Release|Any CPU
		{636AEBE8-D090-4485-A05C-D4299511EDA6}.Release|Any CPU.Build.0 = Release|Any CPU
		{636AEBE8-D090-4485-A05C-D4299511EDA6}.Release|x64.ActiveCfg = Release|Any CPU
		{636AEBE8-D090-4485-A05C-D4299511EDA6}.Release|x64.Build.0 = Release|Any CPU
		{636AEBE8-D090-4485-A05C-D4299511EDA6}.Release|x86.ActiveCfg = Release|Any CPU
		{636AEBE8-D090-4485-A05C-D4299511EDA6}.Release|x86.Build.0 = Release|Any CPU
		{D27577D0-5432-44A2-B63A-48878FCA2808}.Debug|Any CPU.ActiveCfg = Debug|Any CPU
		{D27577D0-5432-44A2-B63A-48878FCA2808}.Debug|Any CPU.Build.0 = Debug|Any CPU
		{D27577D0-5432-44A2-B63A-48878FCA2808}.Debug|x64.ActiveCfg = Debug|Any CPU
		{D27577D0-5432-44A2-B63A-48878FCA2808}.Debug|x64.Build.0 = Debug|Any CPU
		{D27577D0-5432-44A2-B63A-48878FCA2808}.Debug|x86.ActiveCfg = Debug|Any CPU
		{D27577D0-5432-44A2-B63A-48878FCA2808}.Debug|x86.Build.0 = Debug|Any CPU
		{D27577D0-5432-44A2-B63A-48878FCA2808}.Release|Any CPU.ActiveCfg = Release|Any CPU
		{D27577D0-5432-44A2-B63A-48878FCA2808}.Release|Any CPU.Build.0 = Release|Any CPU
		{D27577D0-5432-44A2-B63A-48878FCA2808}.Release|x64.ActiveCfg = Release|Any CPU
		{D27577D0-5432-44A2-B63A-48878FCA2808}.Release|x64.Build.0 = Release|Any CPU
		{D27577D0-5432-44A2-B63A-48878FCA2808}.Release|x86.ActiveCfg = Release|Any CPU
		{D27577D0-5432-44A2-B63A-48878FCA2808}.Release|x86.Build.0 = Release|Any CPU
		{07D4E1D1-CC93-41B8-86DA-A84F527BFFBB}.Debug|Any CPU.ActiveCfg = Debug|Any CPU
		{07D4E1D1-CC93-41B8-86DA-A84F527BFFBB}.Debug|Any CPU.Build.0 = Debug|Any CPU
		{07D4E1D1-CC93-41B8-86DA-A84F527BFFBB}.Debug|x64.ActiveCfg = Debug|Any CPU
		{07D4E1D1-CC93-41B8-86DA-A84F527BFFBB}.Debug|x64.Build.0 = Debug|Any CPU
		{07D4E1D1-CC93-41B8-86DA-A84F527BFFBB}.Debug|x86.ActiveCfg = Debug|Any CPU
		{07D4E1D1-CC93-41B8-86DA-A84F527BFFBB}.Debug|x86.Build.0 = Debug|Any CPU
		{07D4E1D1-CC93-41B8-86DA-A84F527BFFBB}.Release|Any CPU.ActiveCfg = Release|Any CPU
		{07D4E1D1-CC93-41B8-86DA-A84F527BFFBB}.Release|Any CPU.Build.0 = Release|Any CPU
		{07D4E1D1-CC93-41B8-86DA-A84F527BFFBB}.Release|x64.ActiveCfg = Release|Any CPU
		{07D4E1D1-CC93-41B8-86DA-A84F527BFFBB}.Release|x64.Build.0 = Release|Any CPU
		{07D4E1D1-CC93-41B8-86DA-A84F527BFFBB}.Release|x86.ActiveCfg = Release|Any CPU
		{07D4E1D1-CC93-41B8-86DA-A84F527BFFBB}.Release|x86.Build.0 = Release|Any CPU
		{D16E6D32-F6EB-476D-8567-4A49139AC02A}.Debug|Any CPU.ActiveCfg = Debug|Any CPU
		{D16E6D32-F6EB-476D-8567-4A49139AC02A}.Debug|Any CPU.Build.0 = Debug|Any CPU
		{D16E6D32-F6EB-476D-8567-4A49139AC02A}.Debug|x64.ActiveCfg = Debug|Any CPU
		{D16E6D32-F6EB-476D-8567-4A49139AC02A}.Debug|x64.Build.0 = Debug|Any CPU
		{D16E6D32-F6EB-476D-8567-4A49139AC02A}.Debug|x86.ActiveCfg = Debug|Any CPU
		{D16E6D32-F6EB-476D-8567-4A49139AC02A}.Debug|x86.Build.0 = Debug|Any CPU
		{D16E6D32-F6EB-476D-8567-4A49139AC02A}.Release|Any CPU.ActiveCfg = Release|Any CPU
		{D16E6D32-F6EB-476D-8567-4A49139AC02A}.Release|Any CPU.Build.0 = Release|Any CPU
		{D16E6D32-F6EB-476D-8567-4A49139AC02A}.Release|x64.ActiveCfg = Release|Any CPU
		{D16E6D32-F6EB-476D-8567-4A49139AC02A}.Release|x64.Build.0 = Release|Any CPU
		{D16E6D32-F6EB-476D-8567-4A49139AC02A}.Release|x86.ActiveCfg = Release|Any CPU
		{D16E6D32-F6EB-476D-8567-4A49139AC02A}.Release|x86.Build.0 = Release|Any CPU
		{A5BBD366-C4F8-4ADF-9AD2-8236B186E1D6}.Debug|Any CPU.ActiveCfg = Debug|Any CPU
		{A5BBD366-C4F8-4ADF-9AD2-8236B186E1D6}.Debug|Any CPU.Build.0 = Debug|Any CPU
		{A5BBD366-C4F8-4ADF-9AD2-8236B186E1D6}.Debug|x64.ActiveCfg = Debug|Any CPU
		{A5BBD366-C4F8-4ADF-9AD2-8236B186E1D6}.Debug|x64.Build.0 = Debug|Any CPU
		{A5BBD366-C4F8-4ADF-9AD2-8236B186E1D6}.Debug|x86.ActiveCfg = Debug|Any CPU
		{A5BBD366-C4F8-4ADF-9AD2-8236B186E1D6}.Debug|x86.Build.0 = Debug|Any CPU
		{A5BBD366-C4F8-4ADF-9AD2-8236B186E1D6}.Release|Any CPU.ActiveCfg = Release|Any CPU
		{A5BBD366-C4F8-4ADF-9AD2-8236B186E1D6}.Release|Any CPU.Build.0 = Release|Any CPU
		{A5BBD366-C4F8-4ADF-9AD2-8236B186E1D6}.Release|x64.ActiveCfg = Release|Any CPU
		{A5BBD366-C4F8-4ADF-9AD2-8236B186E1D6}.Release|x64.Build.0 = Release|Any CPU
		{A5BBD366-C4F8-4ADF-9AD2-8236B186E1D6}.Release|x86.ActiveCfg = Release|Any CPU
		{A5BBD366-C4F8-4ADF-9AD2-8236B186E1D6}.Release|x86.Build.0 = Release|Any CPU
		{047F8FAC-F0E8-4C8E-89C9-D2D693C636CE}.Debug|Any CPU.ActiveCfg = Debug|Any CPU
		{047F8FAC-F0E8-4C8E-89C9-D2D693C636CE}.Debug|Any CPU.Build.0 = Debug|Any CPU
		{047F8FAC-F0E8-4C8E-89C9-D2D693C636CE}.Debug|x64.ActiveCfg = Debug|Any CPU
		{047F8FAC-F0E8-4C8E-89C9-D2D693C636CE}.Debug|x64.Build.0 = Debug|Any CPU
		{047F8FAC-F0E8-4C8E-89C9-D2D693C636CE}.Debug|x86.ActiveCfg = Debug|Any CPU
		{047F8FAC-F0E8-4C8E-89C9-D2D693C636CE}.Debug|x86.Build.0 = Debug|Any CPU
		{047F8FAC-F0E8-4C8E-89C9-D2D693C636CE}.Release|Any CPU.ActiveCfg = Release|Any CPU
		{047F8FAC-F0E8-4C8E-89C9-D2D693C636CE}.Release|Any CPU.Build.0 = Release|Any CPU
		{047F8FAC-F0E8-4C8E-89C9-D2D693C636CE}.Release|x64.ActiveCfg = Release|Any CPU
		{047F8FAC-F0E8-4C8E-89C9-D2D693C636CE}.Release|x64.Build.0 = Release|Any CPU
		{047F8FAC-F0E8-4C8E-89C9-D2D693C636CE}.Release|x86.ActiveCfg = Release|Any CPU
		{047F8FAC-F0E8-4C8E-89C9-D2D693C636CE}.Release|x86.Build.0 = Release|Any CPU
		{3BC2E806-455A-4987-A3A3-3DC81DA5EC19}.Debug|Any CPU.ActiveCfg = Debug|Any CPU
		{3BC2E806-455A-4987-A3A3-3DC81DA5EC19}.Debug|Any CPU.Build.0 = Debug|Any CPU
		{3BC2E806-455A-4987-A3A3-3DC81DA5EC19}.Debug|x64.ActiveCfg = Debug|Any CPU
		{3BC2E806-455A-4987-A3A3-3DC81DA5EC19}.Debug|x64.Build.0 = Debug|Any CPU
		{3BC2E806-455A-4987-A3A3-3DC81DA5EC19}.Debug|x86.ActiveCfg = Debug|Any CPU
		{3BC2E806-455A-4987-A3A3-3DC81DA5EC19}.Debug|x86.Build.0 = Debug|Any CPU
		{3BC2E806-455A-4987-A3A3-3DC81DA5EC19}.Release|Any CPU.ActiveCfg = Release|Any CPU
		{3BC2E806-455A-4987-A3A3-3DC81DA5EC19}.Release|Any CPU.Build.0 = Release|Any CPU
		{3BC2E806-455A-4987-A3A3-3DC81DA5EC19}.Release|x64.ActiveCfg = Release|Any CPU
		{3BC2E806-455A-4987-A3A3-3DC81DA5EC19}.Release|x64.Build.0 = Release|Any CPU
		{3BC2E806-455A-4987-A3A3-3DC81DA5EC19}.Release|x86.ActiveCfg = Release|Any CPU
		{3BC2E806-455A-4987-A3A3-3DC81DA5EC19}.Release|x86.Build.0 = Release|Any CPU
		{23895165-FFD1-42F7-AE9E-B055E7988AC2}.Debug|Any CPU.ActiveCfg = Debug|Any CPU
		{23895165-FFD1-42F7-AE9E-B055E7988AC2}.Debug|Any CPU.Build.0 = Debug|Any CPU
		{23895165-FFD1-42F7-AE9E-B055E7988AC2}.Debug|x64.ActiveCfg = Debug|Any CPU
		{23895165-FFD1-42F7-AE9E-B055E7988AC2}.Debug|x64.Build.0 = Debug|Any CPU
		{23895165-FFD1-42F7-AE9E-B055E7988AC2}.Debug|x86.ActiveCfg = Debug|Any CPU
		{23895165-FFD1-42F7-AE9E-B055E7988AC2}.Debug|x86.Build.0 = Debug|Any CPU
		{23895165-FFD1-42F7-AE9E-B055E7988AC2}.Release|Any CPU.ActiveCfg = Release|Any CPU
		{23895165-FFD1-42F7-AE9E-B055E7988AC2}.Release|Any CPU.Build.0 = Release|Any CPU
		{23895165-FFD1-42F7-AE9E-B055E7988AC2}.Release|x64.ActiveCfg = Release|Any CPU
		{23895165-FFD1-42F7-AE9E-B055E7988AC2}.Release|x64.Build.0 = Release|Any CPU
		{23895165-FFD1-42F7-AE9E-B055E7988AC2}.Release|x86.ActiveCfg = Release|Any CPU
		{23895165-FFD1-42F7-AE9E-B055E7988AC2}.Release|x86.Build.0 = Release|Any CPU
		{01A9F6F2-A2B4-4AAC-BDB1-72C105669D08}.Debug|Any CPU.ActiveCfg = Debug|Any CPU
		{01A9F6F2-A2B4-4AAC-BDB1-72C105669D08}.Debug|Any CPU.Build.0 = Debug|Any CPU
		{01A9F6F2-A2B4-4AAC-BDB1-72C105669D08}.Debug|x64.ActiveCfg = Debug|Any CPU
		{01A9F6F2-A2B4-4AAC-BDB1-72C105669D08}.Debug|x64.Build.0 = Debug|Any CPU
		{01A9F6F2-A2B4-4AAC-BDB1-72C105669D08}.Debug|x86.ActiveCfg = Debug|Any CPU
		{01A9F6F2-A2B4-4AAC-BDB1-72C105669D08}.Debug|x86.Build.0 = Debug|Any CPU
		{01A9F6F2-A2B4-4AAC-BDB1-72C105669D08}.Release|Any CPU.ActiveCfg = Release|Any CPU
		{01A9F6F2-A2B4-4AAC-BDB1-72C105669D08}.Release|Any CPU.Build.0 = Release|Any CPU
		{01A9F6F2-A2B4-4AAC-BDB1-72C105669D08}.Release|x64.ActiveCfg = Release|Any CPU
		{01A9F6F2-A2B4-4AAC-BDB1-72C105669D08}.Release|x64.Build.0 = Release|Any CPU
		{01A9F6F2-A2B4-4AAC-BDB1-72C105669D08}.Release|x86.ActiveCfg = Release|Any CPU
		{01A9F6F2-A2B4-4AAC-BDB1-72C105669D08}.Release|x86.Build.0 = Release|Any CPU
		{E9877494-2CC4-43DD-AA46-58B4F4B1DF90}.Debug|Any CPU.ActiveCfg = Debug|Any CPU
		{E9877494-2CC4-43DD-AA46-58B4F4B1DF90}.Debug|Any CPU.Build.0 = Debug|Any CPU
		{E9877494-2CC4-43DD-AA46-58B4F4B1DF90}.Debug|x64.ActiveCfg = Debug|Any CPU
		{E9877494-2CC4-43DD-AA46-58B4F4B1DF90}.Debug|x64.Build.0 = Debug|Any CPU
		{E9877494-2CC4-43DD-AA46-58B4F4B1DF90}.Debug|x86.ActiveCfg = Debug|Any CPU
		{E9877494-2CC4-43DD-AA46-58B4F4B1DF90}.Debug|x86.Build.0 = Debug|Any CPU
		{E9877494-2CC4-43DD-AA46-58B4F4B1DF90}.Release|Any CPU.ActiveCfg = Release|Any CPU
		{E9877494-2CC4-43DD-AA46-58B4F4B1DF90}.Release|Any CPU.Build.0 = Release|Any CPU
		{E9877494-2CC4-43DD-AA46-58B4F4B1DF90}.Release|x64.ActiveCfg = Release|Any CPU
		{E9877494-2CC4-43DD-AA46-58B4F4B1DF90}.Release|x64.Build.0 = Release|Any CPU
		{E9877494-2CC4-43DD-AA46-58B4F4B1DF90}.Release|x86.ActiveCfg = Release|Any CPU
		{E9877494-2CC4-43DD-AA46-58B4F4B1DF90}.Release|x86.Build.0 = Release|Any CPU
		{95CE57BA-F854-447C-8B5A-738817B927A1}.Debug|Any CPU.ActiveCfg = Debug|Any CPU
		{95CE57BA-F854-447C-8B5A-738817B927A1}.Debug|Any CPU.Build.0 = Debug|Any CPU
		{95CE57BA-F854-447C-8B5A-738817B927A1}.Debug|x64.ActiveCfg = Debug|Any CPU
		{95CE57BA-F854-447C-8B5A-738817B927A1}.Debug|x64.Build.0 = Debug|Any CPU
		{95CE57BA-F854-447C-8B5A-738817B927A1}.Debug|x86.ActiveCfg = Debug|Any CPU
		{95CE57BA-F854-447C-8B5A-738817B927A1}.Debug|x86.Build.0 = Debug|Any CPU
		{95CE57BA-F854-447C-8B5A-738817B927A1}.Release|Any CPU.ActiveCfg = Release|Any CPU
		{95CE57BA-F854-447C-8B5A-738817B927A1}.Release|Any CPU.Build.0 = Release|Any CPU
		{95CE57BA-F854-447C-8B5A-738817B927A1}.Release|x64.ActiveCfg = Release|Any CPU
		{95CE57BA-F854-447C-8B5A-738817B927A1}.Release|x64.Build.0 = Release|Any CPU
		{95CE57BA-F854-447C-8B5A-738817B927A1}.Release|x86.ActiveCfg = Release|Any CPU
		{95CE57BA-F854-447C-8B5A-738817B927A1}.Release|x86.Build.0 = Release|Any CPU
		{AB520486-843B-468E-89DD-5F5B444DDB20}.Debug|Any CPU.ActiveCfg = Debug|Any CPU
		{AB520486-843B-468E-89DD-5F5B444DDB20}.Debug|Any CPU.Build.0 = Debug|Any CPU
		{AB520486-843B-468E-89DD-5F5B444DDB20}.Debug|x64.ActiveCfg = Debug|Any CPU
		{AB520486-843B-468E-89DD-5F5B444DDB20}.Debug|x64.Build.0 = Debug|Any CPU
		{AB520486-843B-468E-89DD-5F5B444DDB20}.Debug|x86.ActiveCfg = Debug|Any CPU
		{AB520486-843B-468E-89DD-5F5B444DDB20}.Debug|x86.Build.0 = Debug|Any CPU
		{AB520486-843B-468E-89DD-5F5B444DDB20}.Release|Any CPU.ActiveCfg = Release|Any CPU
		{AB520486-843B-468E-89DD-5F5B444DDB20}.Release|Any CPU.Build.0 = Release|Any CPU
		{AB520486-843B-468E-89DD-5F5B444DDB20}.Release|x64.ActiveCfg = Release|Any CPU
		{AB520486-843B-468E-89DD-5F5B444DDB20}.Release|x64.Build.0 = Release|Any CPU
		{AB520486-843B-468E-89DD-5F5B444DDB20}.Release|x86.ActiveCfg = Release|Any CPU
		{AB520486-843B-468E-89DD-5F5B444DDB20}.Release|x86.Build.0 = Release|Any CPU
		{54DE7162-71A8-4151-A998-3B8A5F28BB09}.Debug|Any CPU.ActiveCfg = Debug|Any CPU
		{54DE7162-71A8-4151-A998-3B8A5F28BB09}.Debug|Any CPU.Build.0 = Debug|Any CPU
		{54DE7162-71A8-4151-A998-3B8A5F28BB09}.Debug|x64.ActiveCfg = Debug|Any CPU
		{54DE7162-71A8-4151-A998-3B8A5F28BB09}.Debug|x64.Build.0 = Debug|Any CPU
		{54DE7162-71A8-4151-A998-3B8A5F28BB09}.Debug|x86.ActiveCfg = Debug|Any CPU
		{54DE7162-71A8-4151-A998-3B8A5F28BB09}.Debug|x86.Build.0 = Debug|Any CPU
		{54DE7162-71A8-4151-A998-3B8A5F28BB09}.Release|Any CPU.ActiveCfg = Release|Any CPU
		{54DE7162-71A8-4151-A998-3B8A5F28BB09}.Release|Any CPU.Build.0 = Release|Any CPU
		{54DE7162-71A8-4151-A998-3B8A5F28BB09}.Release|x64.ActiveCfg = Release|Any CPU
		{54DE7162-71A8-4151-A998-3B8A5F28BB09}.Release|x64.Build.0 = Release|Any CPU
		{54DE7162-71A8-4151-A998-3B8A5F28BB09}.Release|x86.ActiveCfg = Release|Any CPU
		{54DE7162-71A8-4151-A998-3B8A5F28BB09}.Release|x86.Build.0 = Release|Any CPU
		{2A12510C-F50A-435E-9151-381831CF7C3C}.Debug|Any CPU.ActiveCfg = Debug|Any CPU
		{2A12510C-F50A-435E-9151-381831CF7C3C}.Debug|Any CPU.Build.0 = Debug|Any CPU
		{2A12510C-F50A-435E-9151-381831CF7C3C}.Debug|x64.ActiveCfg = Debug|Any CPU
		{2A12510C-F50A-435E-9151-381831CF7C3C}.Debug|x64.Build.0 = Debug|Any CPU
		{2A12510C-F50A-435E-9151-381831CF7C3C}.Debug|x86.ActiveCfg = Debug|Any CPU
		{2A12510C-F50A-435E-9151-381831CF7C3C}.Debug|x86.Build.0 = Debug|Any CPU
		{2A12510C-F50A-435E-9151-381831CF7C3C}.Release|Any CPU.ActiveCfg = Release|Any CPU
		{2A12510C-F50A-435E-9151-381831CF7C3C}.Release|Any CPU.Build.0 = Release|Any CPU
		{2A12510C-F50A-435E-9151-381831CF7C3C}.Release|x64.ActiveCfg = Release|Any CPU
		{2A12510C-F50A-435E-9151-381831CF7C3C}.Release|x64.Build.0 = Release|Any CPU
		{2A12510C-F50A-435E-9151-381831CF7C3C}.Release|x86.ActiveCfg = Release|Any CPU
		{2A12510C-F50A-435E-9151-381831CF7C3C}.Release|x86.Build.0 = Release|Any CPU
		{1539A14B-928E-45D7-86D8-D673565FDBD1}.Debug|Any CPU.ActiveCfg = Debug|Any CPU
		{1539A14B-928E-45D7-86D8-D673565FDBD1}.Debug|Any CPU.Build.0 = Debug|Any CPU
		{1539A14B-928E-45D7-86D8-D673565FDBD1}.Debug|x64.ActiveCfg = Debug|Any CPU
		{1539A14B-928E-45D7-86D8-D673565FDBD1}.Debug|x64.Build.0 = Debug|Any CPU
		{1539A14B-928E-45D7-86D8-D673565FDBD1}.Debug|x86.ActiveCfg = Debug|Any CPU
		{1539A14B-928E-45D7-86D8-D673565FDBD1}.Debug|x86.Build.0 = Debug|Any CPU
		{1539A14B-928E-45D7-86D8-D673565FDBD1}.Release|Any CPU.ActiveCfg = Release|Any CPU
		{1539A14B-928E-45D7-86D8-D673565FDBD1}.Release|Any CPU.Build.0 = Release|Any CPU
		{1539A14B-928E-45D7-86D8-D673565FDBD1}.Release|x64.ActiveCfg = Release|Any CPU
		{1539A14B-928E-45D7-86D8-D673565FDBD1}.Release|x64.Build.0 = Release|Any CPU
		{1539A14B-928E-45D7-86D8-D673565FDBD1}.Release|x86.ActiveCfg = Release|Any CPU
		{1539A14B-928E-45D7-86D8-D673565FDBD1}.Release|x86.Build.0 = Release|Any CPU
	EndGlobalSection
	GlobalSection(SolutionProperties) = preSolution
		HideSolutionNode = FALSE
	EndGlobalSection
	GlobalSection(NestedProjects) = preSolution
		{04437ABE-8CD4-4C6F-9452-21A96F67A0C4} = {827E0CD3-B72D-47B6-A68D-7590B98EB39B}
		{6040BD90-DB0E-4044-91D2-1247CADCE413} = {827E0CD3-B72D-47B6-A68D-7590B98EB39B}
		{3319C9A4-2B8C-4875-8CC9-EC30D6DF5916} = {827E0CD3-B72D-47B6-A68D-7590B98EB39B}
		{3F55F7DC-FC08-44EF-AFA3-7B326136B43E} = {827E0CD3-B72D-47B6-A68D-7590B98EB39B}
		{C53CF188-B4B0-4455-A3A8-F4C48FFF1DB6} = {827E0CD3-B72D-47B6-A68D-7590B98EB39B}
		{A0DE4296-786D-4B78-AF92-43EBB74D637F} = {827E0CD3-B72D-47B6-A68D-7590B98EB39B}
		{D30A1CAA-3976-4CC9-BDB0-8DC4B8BC6625} = {827E0CD3-B72D-47B6-A68D-7590B98EB39B}
		{C3465865-FFDD-425B-9415-3EC5C6426CBA} = {827E0CD3-B72D-47B6-A68D-7590B98EB39B}
		{002DF22E-A7B4-42EA-925E-9664660F2D23} = {827E0CD3-B72D-47B6-A68D-7590B98EB39B}
		{3CC6E96A-15E8-436A-8129-65314EC841CC} = {827E0CD3-B72D-47B6-A68D-7590B98EB39B}
		{B8031E98-C8B2-46A5-8A7D-FAE523CAFC36} = {827E0CD3-B72D-47B6-A68D-7590B98EB39B}
		{E5C6F93A-799C-46E5-BB55-CB3B42D7E41D} = {827E0CD3-B72D-47B6-A68D-7590B98EB39B}
		{DDCBC1FD-2B31-43D7-9FB0-423723B3B663} = {827E0CD3-B72D-47B6-A68D-7590B98EB39B}
		{CF3BCE21-F9DE-49AC-9AB0-B2A1E89B0A19} = {827E0CD3-B72D-47B6-A68D-7590B98EB39B}
		{214B6BBB-277A-4293-BDEE-9DA20759FD96} = {827E0CD3-B72D-47B6-A68D-7590B98EB39B}
		{B11F477F-1420-4DFA-A436-0025AE22125B} = {827E0CD3-B72D-47B6-A68D-7590B98EB39B}
		{FD748C3A-40A0-46FF-BBA8-DF1F06D79DCF} = {827E0CD3-B72D-47B6-A68D-7590B98EB39B}
		{120DF0D1-1CD5-4A67-8CE8-3C3E590AF8F6} = {827E0CD3-B72D-47B6-A68D-7590B98EB39B}
		{35BD3BD0-C162-43F7-A217-053C487B2B58} = {827E0CD3-B72D-47B6-A68D-7590B98EB39B}
		{26AA0898-5279-40C9-8B4D-B369EBBFD713} = {827E0CD3-B72D-47B6-A68D-7590B98EB39B}
		{7587D992-E0FB-4E44-9D85-81E23A888243} = {827E0CD3-B72D-47B6-A68D-7590B98EB39B}
		{2A29998D-FDC0-47A1-8F59-5545A1D7FE53} = {827E0CD3-B72D-47B6-A68D-7590B98EB39B}
		{7B6FB00B-E6AF-4583-AD50-C817322A0C98} = {827E0CD3-B72D-47B6-A68D-7590B98EB39B}
		{112A64BF-389C-460D-980C-F9AAF149C853} = {827E0CD3-B72D-47B6-A68D-7590B98EB39B}
		{AEFD7972-BCC3-43CE-9A6A-CF7DAA386F3E} = {827E0CD3-B72D-47B6-A68D-7590B98EB39B}
		{66F8C849-A7DF-4150-AD12-BAB412336A4F} = {827E0CD3-B72D-47B6-A68D-7590B98EB39B}
		{28DECBB6-B508-4F8F-8BF2-B9FF4EAA2B18} = {0C88DD14-F956-CE84-757C-A364CCF449FC}
		{D9FFDAB7-CEE0-4112-A6D1-AB2E29420E1A} = {0C88DD14-F956-CE84-757C-A364CCF449FC}
		{5B818C2C-F159-4C0F-A7AB-AE82F4F2CB2B} = {0C88DD14-F956-CE84-757C-A364CCF449FC}
		{44204A92-5CB2-417D-A6B9-4B5B70EB6296} = {0C88DD14-F956-CE84-757C-A364CCF449FC}
		{9C7BB0B8-CFD4-41A9-A332-A597D865069B} = {0C88DD14-F956-CE84-757C-A364CCF449FC}
		{BF7B5211-0F27-43D7-B7AF-3E0D02AD87EF} = {0C88DD14-F956-CE84-757C-A364CCF449FC}
		{0B078EF3-BFE5-458E-B952-2D4183272D41} = {0C88DD14-F956-CE84-757C-A364CCF449FC}
		{D05265C5-A94E-43DB-9DED-76FFB35FB6BB} = {0C88DD14-F956-CE84-757C-A364CCF449FC}
		{99DCBF64-5998-4836-9479-2D0632FCD5AB} = {0C88DD14-F956-CE84-757C-A364CCF449FC}
		{2A9B3DD4-ABF1-4FD9-B782-95F74187ECDC} = {0C88DD14-F956-CE84-757C-A364CCF449FC}
		{A781E90D-43F3-457A-BAB1-52A1003D277B} = {0C88DD14-F956-CE84-757C-A364CCF449FC}
		{636AEBE8-D090-4485-A05C-D4299511EDA6} = {0C88DD14-F956-CE84-757C-A364CCF449FC}
		{D27577D0-5432-44A2-B63A-48878FCA2808} = {0C88DD14-F956-CE84-757C-A364CCF449FC}
		{07D4E1D1-CC93-41B8-86DA-A84F527BFFBB} = {0C88DD14-F956-CE84-757C-A364CCF449FC}
		{D16E6D32-F6EB-476D-8567-4A49139AC02A} = {0C88DD14-F956-CE84-757C-A364CCF449FC}
		{A5BBD366-C4F8-4ADF-9AD2-8236B186E1D6} = {0C88DD14-F956-CE84-757C-A364CCF449FC}
		{047F8FAC-F0E8-4C8E-89C9-D2D693C636CE} = {0C88DD14-F956-CE84-757C-A364CCF449FC}
		{3BC2E806-455A-4987-A3A3-3DC81DA5EC19} = {0C88DD14-F956-CE84-757C-A364CCF449FC}
		{23895165-FFD1-42F7-AE9E-B055E7988AC2} = {0C88DD14-F956-CE84-757C-A364CCF449FC}
		{01A9F6F2-A2B4-4AAC-BDB1-72C105669D08} = {0C88DD14-F956-CE84-757C-A364CCF449FC}
		{E9877494-2CC4-43DD-AA46-58B4F4B1DF90} = {0C88DD14-F956-CE84-757C-A364CCF449FC}
		{95CE57BA-F854-447C-8B5A-738817B927A1} = {0C88DD14-F956-CE84-757C-A364CCF449FC}
		{AB520486-843B-468E-89DD-5F5B444DDB20} = {0C88DD14-F956-CE84-757C-A364CCF449FC}
		{54DE7162-71A8-4151-A998-3B8A5F28BB09} = {0C88DD14-F956-CE84-757C-A364CCF449FC}
		{2A12510C-F50A-435E-9151-381831CF7C3C} = {0C88DD14-F956-CE84-757C-A364CCF449FC}
		{1539A14B-928E-45D7-86D8-D673565FDBD1} = {0C88DD14-F956-CE84-757C-A364CCF449FC}
	EndGlobalSection
EndGlobal
