
Microsoft Visual Studio Solution File, Format Version 12.00
VisualStudioVersion = 17.0.31903.59
MinimumVisualStudioVersion = 10.0.40219.1
Project("{2150E333-8FDC-42A3-9474-1A3956D46DE8}") = "src", "src", "{10000000-0000-0000-0000-000000000001}"
EndProject
Project("{2150E333-8FDC-42A3-9474-1A3956D46DE8}") = "test", "test", "{10000000-0000-0000-0000-000000000002}"
EndProject
Project("{2150E333-8FDC-42A3-9474-1A3956D46DE8}") = "bench", "bench", "{10000000-0000-0000-0000-000000000003}"
EndProject
Project("{9A19103F-16F7-4668-BE54-9A1E7A4F7556}") = "IAFahim.Collections.NoDeps", "src\IAFahim.Collections.NoDeps\IAFahim.Collections.NoDeps.csproj", "{20000000-0000-0000-0000-000000000001}"
EndProject
Project("{9A19103F-16F7-4668-BE54-9A1E7A4F7556}") = "IAFahim.DS.UnsafeArray", "src\IAFahim.DS.UnsafeArray\IAFahim.DS.UnsafeArray.csproj", "{20000000-0000-0000-0000-000000000002}"
EndProject
Project("{9A19103F-16F7-4668-BE54-9A1E7A4F7556}") = "IAFahim.Sort.Insertion", "src\IAFahim.Sort.Insertion\IAFahim.Sort.Insertion.csproj", "{20000000-0000-0000-0000-000000000003}"
EndProject
Project("{9A19103F-16F7-4668-BE54-9A1E7A4F7556}") = "IAFahim.DS.UnsafeArray.Tests", "test\IAFahim.DS.UnsafeArray.Tests\IAFahim.DS.UnsafeArray.Tests.csproj", "{30000000-0000-0000-0000-000000000001}"
EndProject
Project("{9A19103F-16F7-4668-BE54-9A1E7A4F7556}") = "IAFahim.Sort.Insertion.Tests", "test\IAFahim.Sort.Insertion.Tests\IAFahim.Sort.Insertion.Tests.csproj", "{30000000-0000-0000-0000-000000000002}"
EndProject
Project("{9A19103F-16F7-4668-BE54-9A1E7A4F7556}") = "IAFahim.Sort.Insertion.Bench", "bench\IAFahim.Sort.Insertion.Bench\IAFahim.Sort.Insertion.Bench.csproj", "{40000000-0000-0000-0000-000000000001}"
EndProject
Project("{FAE04EC0-301F-11D3-BF4B-00C04F79EFBC}") = "IAFahim.Collections.NoDeps.Tests", "test\IAFahim.Collections.NoDeps.Tests\IAFahim.Collections.NoDeps.Tests.csproj", "{99E79692-3006-496D-BDE2-0F1DC3265589}"
EndProject
Global
	GlobalSection(SolutionConfigurationPlatforms) = preSolution
		Debug|Any CPU = Debug|Any CPU
		Debug|x64 = Debug|x64
		Debug|x86 = Debug|x86
		Release|Any CPU = Release|Any CPU
		Release|x64 = Release|x64
		Release|x86 = Release|x86
	EndGlobalSection
	GlobalSection(ProjectConfigurationPlatforms) = postSolution
		{20000000-0000-0000-0000-000000000001}.Debug|Any CPU.ActiveCfg = Debug|Any CPU
		{20000000-0000-0000-0000-000000000001}.Debug|Any CPU.Build.0 = Debug|Any CPU
		{20000000-0000-0000-0000-000000000001}.Debug|x64.ActiveCfg = Debug|Any CPU
		{20000000-0000-0000-0000-000000000001}.Debug|x64.Build.0 = Debug|Any CPU
		{20000000-0000-0000-0000-000000000001}.Debug|x86.ActiveCfg = Debug|Any CPU
		{20000000-0000-0000-0000-000000000001}.Debug|x86.Build.0 = Debug|Any CPU
		{20000000-0000-0000-0000-000000000001}.Release|Any CPU.ActiveCfg = Release|Any CPU
		{20000000-0000-0000-0000-000000000001}.Release|Any CPU.Build.0 = Release|Any CPU
		{20000000-0000-0000-0000-000000000001}.Release|x64.ActiveCfg = Release|Any CPU
		{20000000-0000-0000-0000-000000000001}.Release|x64.Build.0 = Release|Any CPU
		{20000000-0000-0000-0000-000000000001}.Release|x86.ActiveCfg = Release|Any CPU
		{20000000-0000-0000-0000-000000000001}.Release|x86.Build.0 = Release|Any CPU
		{20000000-0000-0000-0000-000000000002}.Debug|Any CPU.ActiveCfg = Debug|Any CPU
		{20000000-0000-0000-0000-000000000002}.Debug|Any CPU.Build.0 = Debug|Any CPU
		{20000000-0000-0000-0000-000000000002}.Debug|x64.ActiveCfg = Debug|Any CPU
		{20000000-0000-0000-0000-000000000002}.Debug|x64.Build.0 = Debug|Any CPU
		{20000000-0000-0000-0000-000000000002}.Debug|x86.ActiveCfg = Debug|Any CPU
		{20000000-0000-0000-0000-000000000002}.Debug|x86.Build.0 = Debug|Any CPU
		{20000000-0000-0000-0000-000000000002}.Release|Any CPU.ActiveCfg = Release|Any CPU
		{20000000-0000-0000-0000-000000000002}.Release|Any CPU.Build.0 = Release|Any CPU
		{20000000-0000-0000-0000-000000000002}.Release|x64.ActiveCfg = Release|Any CPU
		{20000000-0000-0000-0000-000000000002}.Release|x64.Build.0 = Release|Any CPU
		{20000000-0000-0000-0000-000000000002}.Release|x86.ActiveCfg = Release|Any CPU
		{20000000-0000-0000-0000-000000000002}.Release|x86.Build.0 = Release|Any CPU
		{20000000-0000-0000-0000-000000000003}.Debug|Any CPU.ActiveCfg = Debug|Any CPU
		{20000000-0000-0000-0000-000000000003}.Debug|Any CPU.Build.0 = Debug|Any CPU
		{20000000-0000-0000-0000-000000000003}.Debug|x64.ActiveCfg = Debug|Any CPU
		{20000000-0000-0000-0000-000000000003}.Debug|x64.Build.0 = Debug|Any CPU
		{20000000-0000-0000-0000-000000000003}.Debug|x86.ActiveCfg = Debug|Any CPU
		{20000000-0000-0000-0000-000000000003}.Debug|x86.Build.0 = Debug|Any CPU
		{20000000-0000-0000-0000-000000000003}.Release|Any CPU.ActiveCfg = Release|Any CPU
		{20000000-0000-0000-0000-000000000003}.Release|Any CPU.Build.0 = Release|Any CPU
		{20000000-0000-0000-0000-000000000003}.Release|x64.ActiveCfg = Release|Any CPU
		{20000000-0000-0000-0000-000000000003}.Release|x64.Build.0 = Release|Any CPU
		{20000000-0000-0000-0000-000000000003}.Release|x86.ActiveCfg = Release|Any CPU
		{20000000-0000-0000-0000-000000000003}.Release|x86.Build.0 = Release|Any CPU
		{30000000-0000-0000-0000-000000000001}.Debug|Any CPU.ActiveCfg = Debug|Any CPU
		{30000000-0000-0000-0000-000000000001}.Debug|Any CPU.Build.0 = Debug|Any CPU
		{30000000-0000-0000-0000-000000000001}.Debug|x64.ActiveCfg = Debug|Any CPU
		{30000000-0000-0000-0000-000000000001}.Debug|x64.Build.0 = Debug|Any CPU
		{30000000-0000-0000-0000-000000000001}.Debug|x86.ActiveCfg = Debug|Any CPU
		{30000000-0000-0000-0000-000000000001}.Debug|x86.Build.0 = Debug|Any CPU
		{30000000-0000-0000-0000-000000000001}.Release|Any CPU.ActiveCfg = Release|Any CPU
		{30000000-0000-0000-0000-000000000001}.Release|Any CPU.Build.0 = Release|Any CPU
		{30000000-0000-0000-0000-000000000001}.Release|x64.ActiveCfg = Release|Any CPU
		{30000000-0000-0000-0000-000000000001}.Release|x64.Build.0 = Release|Any CPU
		{30000000-0000-0000-0000-000000000001}.Release|x86.ActiveCfg = Release|Any CPU
		{30000000-0000-0000-0000-000000000001}.Release|x86.Build.0 = Release|Any CPU
		{30000000-0000-0000-0000-000000000002}.Debug|Any CPU.ActiveCfg = Debug|Any CPU
		{30000000-0000-0000-0000-000000000002}.Debug|Any CPU.Build.0 = Debug|Any CPU
		{30000000-0000-0000-0000-000000000002}.Debug|x64.ActiveCfg = Debug|Any CPU
		{30000000-0000-0000-0000-000000000002}.Debug|x64.Build.0 = Debug|Any CPU
		{30000000-0000-0000-0000-000000000002}.Debug|x86.ActiveCfg = Debug|Any CPU
		{30000000-0000-0000-0000-000000000002}.Debug|x86.Build.0 = Debug|Any CPU
		{30000000-0000-0000-0000-000000000002}.Release|Any CPU.ActiveCfg = Release|Any CPU
		{30000000-0000-0000-0000-000000000002}.Release|Any CPU.Build.0 = Release|Any CPU
		{30000000-0000-0000-0000-000000000002}.Release|x64.ActiveCfg = Release|Any CPU
		{30000000-0000-0000-0000-000000000002}.Release|x64.Build.0 = Release|Any CPU
		{30000000-0000-0000-0000-000000000002}.Release|x86.ActiveCfg = Release|Any CPU
		{30000000-0000-0000-0000-000000000002}.Release|x86.Build.0 = Release|Any CPU
		{40000000-0000-0000-0000-000000000001}.Debug|Any CPU.ActiveCfg = Release|Any CPU
		{40000000-0000-0000-0000-000000000001}.Debug|Any CPU.Build.0 = Release|Any CPU
		{40000000-0000-0000-0000-000000000001}.Debug|x64.ActiveCfg = Debug|Any CPU
		{40000000-0000-0000-0000-000000000001}.Debug|x64.Build.0 = Debug|Any CPU
		{40000000-0000-0000-0000-000000000001}.Debug|x86.ActiveCfg = Debug|Any CPU
		{40000000-0000-0000-0000-000000000001}.Debug|x86.Build.0 = Debug|Any CPU
		{40000000-0000-0000-0000-000000000001}.Release|Any CPU.ActiveCfg = Release|Any CPU
		{40000000-0000-0000-0000-000000000001}.Release|Any CPU.Build.0 = Release|Any CPU
		{40000000-0000-0000-0000-000000000001}.Release|x64.ActiveCfg = Release|Any CPU
		{40000000-0000-0000-0000-000000000001}.Release|x64.Build.0 = Release|Any CPU
		{40000000-0000-0000-0000-000000000001}.Release|x86.ActiveCfg = Release|Any CPU
		{40000000-0000-0000-0000-000000000001}.Release|x86.Build.0 = Release|Any CPU
		{99E79692-3006-496D-BDE2-0F1DC3265589}.Debug|Any CPU.ActiveCfg = Debug|Any CPU
		{99E79692-3006-496D-BDE2-0F1DC3265589}.Debug|Any CPU.Build.0 = Debug|Any CPU
		{99E79692-3006-496D-BDE2-0F1DC3265589}.Debug|x64.ActiveCfg = Debug|Any CPU
		{99E79692-3006-496D-BDE2-0F1DC3265589}.Debug|x64.Build.0 = Debug|Any CPU
		{99E79692-3006-496D-BDE2-0F1DC3265589}.Debug|x86.ActiveCfg = Debug|Any CPU
		{99E79692-3006-496D-BDE2-0F1DC3265589}.Debug|x86.Build.0 = Debug|Any CPU
		{99E79692-3006-496D-BDE2-0F1DC3265589}.Release|Any CPU.ActiveCfg = Release|Any CPU
		{99E79692-3006-496D-BDE2-0F1DC3265589}.Release|Any CPU.Build.0 = Release|Any CPU
		{99E79692-3006-496D-BDE2-0F1DC3265589}.Release|x64.ActiveCfg = Release|Any CPU
		{99E79692-3006-496D-BDE2-0F1DC3265589}.Release|x64.Build.0 = Release|Any CPU
		{99E79692-3006-496D-BDE2-0F1DC3265589}.Release|x86.ActiveCfg = Release|Any CPU
		{99E79692-3006-496D-BDE2-0F1DC3265589}.Release|x86.Build.0 = Release|Any CPU
	EndGlobalSection
	GlobalSection(SolutionProperties) = preSolution
		HideSolutionNode = FALSE
	EndGlobalSection
	GlobalSection(NestedProjects) = preSolution
		{20000000-0000-0000-0000-000000000001} = {10000000-0000-0000-0000-000000000001}
		{20000000-0000-0000-0000-000000000002} = {10000000-0000-0000-0000-000000000001}
		{20000000-0000-0000-0000-000000000003} = {10000000-0000-0000-0000-000000000001}
		{30000000-0000-0000-0000-000000000001} = {10000000-0000-0000-0000-000000000002}
		{30000000-0000-0000-0000-000000000002} = {10000000-0000-0000-0000-000000000002}
		{40000000-0000-0000-0000-000000000001} = {10000000-0000-0000-0000-000000000003}
		{99E79692-3006-496D-BDE2-0F1DC3265589} = {10000000-0000-0000-0000-000000000002}
	EndGlobalSection
EndGlobal
